Microsoft Visual Studio Solution File, Format Version 12.00
# Visual Studio Version 17
VisualStudioVersion = 17.5.2.0
MinimumVisualStudioVersion = 10.0.40219.1
Project("{2150E333-8FDC-42A3-9474-1A3956D46DE8}") = "source", "source", "{B8EFCA5F-814F-285C-A8CB-F00F14650265}"
EndProject
Project("{2150E333-8FDC-42A3-9474-1A3956D46DE8}") = "includes", "includes", "{875621A1-E1B2-F608-9BB7-FC3A3F183D31}"
EndProject
Project("{2150E333-8FDC-42A3-9474-1A3956D46DE8}") = "code", "code", "{9A8C90CB-34C1-91F1-AC7E-82CB60B10B7E}"
EndProject
Project("{2150E333-8FDC-42A3-9474-1A3956D46DE8}") = "dotnet", "dotnet", "{7C055B42-BA3E-B26C-01A9-DD5BDC289175}"
EndProject
Project("{FAE04EC0-301F-11D3-BF4B-00C04F79EFBC}") = "Guide", "source\includes\code\dotnet\Guide\Guide.csproj", "{E572447F-FC1F-9B54-3908-0F5738075FBC}"
EndProject
Global
	GlobalSection(SolutionConfigurationPlatforms) = preSolution
		Debug|Any CPU = Debug|Any CPU
		Release|Any CPU = Release|Any CPU
	EndGlobalSection
	GlobalSection(ProjectConfigurationPlatforms) = postSolution
		{E572447F-FC1F-9B54-3908-0F5738075FBC}.Debug|Any CPU.ActiveCfg = Debug|Any CPU
		{E572447F-FC1F-9B54-3908-0F5738075FBC}.Debug|Any CPU.Build.0 = Debug|Any CPU
		{E572447F-FC1F-9B54-3908-0F5738075FBC}.Release|Any CPU.ActiveCfg = Release|Any CPU
		{E572447F-FC1F-9B54-3908-0F5738075FBC}.Release|Any CPU.Build.0 = Release|Any CPU
	EndGlobalSection
	GlobalSection(SolutionProperties) = preSolution
		HideSolutionNode = FALSE
	EndGlobalSection
	GlobalSection(NestedProjects) = preSolution
		{875621A1-E1B2-F608-9BB7-FC3A3F183D31} = {B8EFCA5F-814F-285C-A8CB-F00F14650265}
		{9A8C90CB-34C1-91F1-AC7E-82CB60B10B7E} = {875621A1-E1B2-F608-9BB7-FC3A3F183D31}
		{7C055B42-BA3E-B26C-01A9-DD5BDC289175} = {9A8C90CB-34C1-91F1-AC7E-82CB60B10B7E}
		{E572447F-FC1F-9B54-3908-0F5738075FBC} = {7C055B42-BA3E-B26C-01A9-DD5BDC289175}
	EndGlobalSection
	GlobalSection(ExtensibilityGlobals) = postSolution
		SolutionGuid = {CF9EEFF1-4070-4566-96E5-085CB6258841}
	EndGlobalSection
EndGlobal
