Microsoft Visual Studio Solution File, Format Version 12.00
# Visual Studio Version 17
VisualStudioVersion = 17.5.2.0
MinimumVisualStudioVersion = 10.0.40219.1
Project("{2150E333-8FDC-42A3-9474-1A3956D46DE8}") = "source", "source", "{B8EFCA5F-814F-285C-A8CB-F00F14650265}"
EndProject
Project("{2150E333-8FDC-42A3-9474-1A3956D46DE8}") = "includes", "includes", "{875621A1-E1B2-F608-9BB7-FC3A3F183D31}"
EndProject
Project("{2150E333-8FDC-42A3-9474-1A3956D46DE8}") = "qe-tutorials", "qe-tutorials", "{F8E9B2B9-90F0-B3A6-2265-5C72CAABF613}"
EndProject
Project("{FAE04EC0-301F-11D3-BF4B-00C04F79EFBC}") = "QueryableEncryptionExample", "source\includes\qe-tutorials\csharp\QueryableEncryptionExample.csproj", "{8D49187A-80CC-62FF-290B-EDB9B533685C}"
EndProject
Project("{2150E333-8FDC-42A3-9474-1A3956D46DE8}") = "generated", "generated", "{4510497D-6DCC-F594-327A-CF3D728AB3C1}"
EndProject
Project("{2150E333-8FDC-42A3-9474-1A3956D46DE8}") = "in-use-encryption", "in-use-encryption", "{7C0A80DE-4380-7B1C-6F4B-8DFF90382FD1}"
EndProject
Project("{2150E333-8FDC-42A3-9474-1A3956D46DE8}") = "csfle", "csfle", "{5E0F3E54-956B-23D1-43E4-8073E08941E7}"
EndProject
Project("{2150E333-8FDC-42A3-9474-1A3956D46DE8}") = "dotnet", "dotnet", "{87BAD27A-77DA-32C7-8D6A-86119F53C551}"
EndProject
Project("{2150E333-8FDC-42A3-9474-1A3956D46DE8}") = "kmip", "kmip", "{8E3D6239-D920-65D6-8628-8F1AD685C460}"
EndProject
Project("{2150E333-8FDC-42A3-9474-1A3956D46DE8}") = "reader", "reader", "{4D59E27A-09C3-E835-E1D4-375F558C4490}"
EndProject
Project("{FAE04EC0-301F-11D3-BF4B-00C04F79EFBC}") = "CSFLE", "source\includes\generated\in-use-encryption\csfle\dotnet\kmip\reader\CSFLE\CSFLE.csproj", "{C46C27B8-F64C-C8A9-E774-4D235A6AD6BC}"
EndProject
Project("{2150E333-8FDC-42A3-9474-1A3956D46DE8}") = "azure", "azure", "{CFBAAE68-351B-58CB-6FE1-04881A2B51BC}"
EndProject
Project("{2150E333-8FDC-42A3-9474-1A3956D46DE8}") = "reader", "reader", "{99841D8C-3AF8-17D8-4E92-4CC3CDE9E74D}"
EndProject
Project("{FAE04EC0-301F-11D3-BF4B-00C04F79EFBC}") = "CSFLE", "source\includes\generated\in-use-encryption\csfle\dotnet\azure\reader\CSFLE\CSFLE.csproj", "{9F6A1868-BA70-8B70-6B86-18E449D3786E}"
EndProject
Project("{2150E333-8FDC-42A3-9474-1A3956D46DE8}") = "gcp", "gcp", "{CEC115D1-6CD0-281F-B7D5-328F38CB9243}"
EndProject
Project("{2150E333-8FDC-42A3-9474-1A3956D46DE8}") = "reader", "reader", "{FEDD9067-990D-0DD1-8725-A53EA91A221A}"
EndProject
Project("{FAE04EC0-301F-11D3-BF4B-00C04F79EFBC}") = "CSFLE", "source\includes\generated\in-use-encryption\csfle\dotnet\gcp\reader\CSFLE\CSFLE.csproj", "{D6BF0B62-00B9-D9C0-B5B7-B847D59A9B72}"
EndProject
Project("{2150E333-8FDC-42A3-9474-1A3956D46DE8}") = "local", "local", "{191B186A-85E8-3435-CDC4-3AF7D440BA7E}"
EndProject
Project("{2150E333-8FDC-42A3-9474-1A3956D46DE8}") = "reader", "reader", "{8D5FF2D0-51B8-D35D-ACC5-6F09A742485D}"
EndProject
Project("{FAE04EC0-301F-11D3-BF4B-00C04F79EFBC}") = "CSFLE", "source\includes\generated\in-use-encryption\csfle\dotnet\local\reader\CSFLE\CSFLE.csproj", "{825BECF2-A21A-59AB-F47F-63D9D2FC3A8C}"
EndProject
Project("{2150E333-8FDC-42A3-9474-1A3956D46DE8}") = "aws", "aws", "{BF93B00C-CEDE-4A31-96CF-C5D42B41F707}"
EndProject
Project("{2150E333-8FDC-42A3-9474-1A3956D46DE8}") = "reader", "reader", "{C46F4138-F84E-06B1-F178-A7B6DE09936B}"
EndProject
Project("{FAE04EC0-301F-11D3-BF4B-00C04F79EFBC}") = "CSFLE", "source\includes\generated\in-use-encryption\csfle\dotnet\aws\reader\CSFLE\CSFLE.csproj", "{60EF86D5-B23F-A057-3080-4102B045F0A7}"
EndProject
Project("{2150E333-8FDC-42A3-9474-1A3956D46DE8}") = "queryable-encryption", "queryable-encryption", "{EFCDE7FE-BDEF-AC04-7D90-AFB0DBB98874}"
EndProject
Project("{2150E333-8FDC-42A3-9474-1A3956D46DE8}") = "dotnet", "dotnet", "{1EA68CBF-D341-6F72-89CE-9E23392F634B}"
EndProject
Project("{2150E333-8FDC-42A3-9474-1A3956D46DE8}") = "kmip", "kmip", "{72A5EE2A-1492-49C3-A301-89C72C4FEDBD}"
EndProject
Project("{2150E333-8FDC-42A3-9474-1A3956D46DE8}") = "reader", "reader", "{BB27418F-7478-6336-89A9-1A3E42367B12}"
EndProject
Project("{FAE04EC0-301F-11D3-BF4B-00C04F79EFBC}") = "QueryableEncryption", "source\includes\generated\in-use-encryption\queryable-encryption\dotnet\kmip\reader\QueryableEncryption\QueryableEncryption.csproj", "{011A8BEC-1358-17DB-2FB2-EE6BF7FD1E30}"
EndProject
Project("{2150E333-8FDC-42A3-9474-1A3956D46DE8}") = "azure", "azure", "{C1CAE349-CB16-0D02-0F73-DF1864859629}"
EndProject
Project("{2150E333-8FDC-42A3-9474-1A3956D46DE8}") = "reader", "reader", "{DA661325-A367-7586-BB4F-214E16465565}"
EndProject
Project("{FAE04EC0-301F-11D3-BF4B-00C04F79EFBC}") = "QueryableEncryption", "source\includes\generated\in-use-encryption\queryable-encryption\dotnet\azure\reader\QueryableEncryption\QueryableEncryption.csproj", "{D772DDD4-2916-1BAF-A614-6884E32B1EC8}"
EndProject
Project("{2150E333-8FDC-42A3-9474-1A3956D46DE8}") = "gcp", "gcp", "{DF467CA1-F242-91D4-3CB9-58B1DC3B89AA}"
EndProject
Project("{2150E333-8FDC-42A3-9474-1A3956D46DE8}") = "reader", "reader", "{F5A5F529-9214-52A1-6E8E-F3D780971656}"
EndProject
Project("{FAE04EC0-301F-11D3-BF4B-00C04F79EFBC}") = "QueryableEncryption", "source\includes\generated\in-use-encryption\queryable-encryption\dotnet\gcp\reader\QueryableEncryption\QueryableEncryption.csproj", "{8FF55202-38A4-04ED-BFC3-D7D7AA7AD4E8}"
EndProject
Project("{2150E333-8FDC-42A3-9474-1A3956D46DE8}") = "local", "local", "{09252992-DB5E-1A4F-F722-D4A7C5F0EE91}"
EndProject
Project("{2150E333-8FDC-42A3-9474-1A3956D46DE8}") = "reader", "reader", "{7A15F4AD-B866-B371-CFD1-751590C4D511}"
EndProject
Project("{FAE04EC0-301F-11D3-BF4B-00C04F79EFBC}") = "QueryableEncryption", "source\includes\generated\in-use-encryption\queryable-encryption\dotnet\local\reader\QueryableEncryption\QueryableEncryption.csproj", "{E9AD90FE-E2D3-9F12-399A-2E2EDE013959}"
EndProject
Project("{2150E333-8FDC-42A3-9474-1A3956D46DE8}") = "aws", "aws", "{1EA2F366-CA4B-EB6E-4198-6447063CF3B6}"
EndProject
Project("{2150E333-8FDC-42A3-9474-1A3956D46DE8}") = "reader", "reader", "{D3D2B190-8B98-3F0C-7F54-8AB8D1CE067A}"
EndProject
Project("{FAE04EC0-301F-11D3-BF4B-00C04F79EFBC}") = "QueryableEncryption", "source\includes\generated\in-use-encryption\queryable-encryption\dotnet\aws\reader\QueryableEncryption\QueryableEncryption.csproj", "{48088910-FE0F-058D-6B98-AD4049FC9CDA}"
EndProject
Project("{2150E333-8FDC-42A3-9474-1A3956D46DE8}") = "exp", "exp", "{AB722F0C-4FAA-AFEE-F1E9-ADE50DD08092}"
EndProject
Project("{2150E333-8FDC-42A3-9474-1A3956D46DE8}") = "reader", "reader", "{2F8F79BA-3026-42B0-117C-1FCB7FFF6CB3}"
EndProject
Project("{FAE04EC0-301F-11D3-BF4B-00C04F79EFBC}") = "QueryableEncryption", "source\includes\generated\in-use-encryption\queryable-encryption\dotnet\exp\reader\QueryableEncryption\QueryableEncryption.csproj", "{2BCE13CF-2182-A8A1-C5D1-655E7A2D21B1}"
EndProject
Global
	GlobalSection(SolutionConfigurationPlatforms) = preSolution
		Debug|Any CPU = Debug|Any CPU
		Release|Any CPU = Release|Any CPU
	EndGlobalSection
	GlobalSection(ProjectConfigurationPlatforms) = postSolution
		{8D49187A-80CC-62FF-290B-EDB9B533685C}.Debug|Any CPU.ActiveCfg = Debug|Any CPU
		{8D49187A-80CC-62FF-290B-EDB9B533685C}.Debug|Any CPU.Build.0 = Debug|Any CPU
		{8D49187A-80CC-62FF-290B-EDB9B533685C}.Release|Any CPU.ActiveCfg = Release|Any CPU
		{8D49187A-80CC-62FF-290B-EDB9B533685C}.Release|Any CPU.Build.0 = Release|Any CPU
		{C46C27B8-F64C-C8A9-E774-4D235A6AD6BC}.Debug|Any CPU.ActiveCfg = Debug|Any CPU
		{C46C27B8-F64C-C8A9-E774-4D235A6AD6BC}.Debug|Any CPU.Build.0 = Debug|Any CPU
		{C46C27B8-F64C-C8A9-E774-4D235A6AD6BC}.Release|Any CPU.ActiveCfg = Release|Any CPU
		{C46C27B8-F64C-C8A9-E774-4D235A6AD6BC}.Release|Any CPU.Build.0 = Release|Any CPU
		{9F6A1868-BA70-8B70-6B86-18E449D3786E}.Debug|Any CPU.ActiveCfg = Debug|Any CPU
		{9F6A1868-BA70-8B70-6B86-18E449D3786E}.Debug|Any CPU.Build.0 = Debug|Any CPU
		{9F6A1868-BA70-8B70-6B86-18E449D3786E}.Release|Any CPU.ActiveCfg = Release|Any CPU
		{9F6A1868-BA70-8B70-6B86-18E449D3786E}.Release|Any CPU.Build.0 = Release|Any CPU
		{D6BF0B62-00B9-D9C0-B5B7-B847D59A9B72}.Debug|Any CPU.ActiveCfg = Debug|Any CPU
		{D6BF0B62-00B9-D9C0-B5B7-B847D59A9B72}.Debug|Any CPU.Build.0 = Debug|Any CPU
		{D6BF0B62-00B9-D9C0-B5B7-B847D59A9B72}.Release|Any CPU.ActiveCfg = Release|Any CPU
		{D6BF0B62-00B9-D9C0-B5B7-B847D59A9B72}.Release|Any CPU.Build.0 = Release|Any CPU
		{825BECF2-A21A-59AB-F47F-63D9D2FC3A8C}.Debug|Any CPU.ActiveCfg = Debug|Any CPU
		{825BECF2-A21A-59AB-F47F-63D9D2FC3A8C}.Debug|Any CPU.Build.0 = Debug|Any CPU
		{825BECF2-A21A-59AB-F47F-63D9D2FC3A8C}.Release|Any CPU.ActiveCfg = Release|Any CPU
		{825BECF2-A21A-59AB-F47F-63D9D2FC3A8C}.Release|Any CPU.Build.0 = Release|Any CPU
		{60EF86D5-B23F-A057-3080-4102B045F0A7}.Debug|Any CPU.ActiveCfg = Debug|Any CPU
		{60EF86D5-B23F-A057-3080-4102B045F0A7}.Debug|Any CPU.Build.0 = Debug|Any CPU
		{60EF86D5-B23F-A057-3080-4102B045F0A7}.Release|Any CPU.ActiveCfg = Release|Any CPU
		{60EF86D5-B23F-A057-3080-4102B045F0A7}.Release|Any CPU.Build.0 = Release|Any CPU
		{011A8BEC-1358-17DB-2FB2-EE6BF7FD1E30}.Debug|Any CPU.ActiveCfg = Debug|Any CPU
		{011A8BEC-1358-17DB-2FB2-EE6BF7FD1E30}.Debug|Any CPU.Build.0 = Debug|Any CPU
		{011A8BEC-1358-17DB-2FB2-EE6BF7FD1E30}.Release|Any CPU.ActiveCfg = Release|Any CPU
		{011A8BEC-1358-17DB-2FB2-EE6BF7FD1E30}.Release|Any CPU.Build.0 = Release|Any CPU
		{D772DDD4-2916-1BAF-A614-6884E32B1EC8}.Debug|Any CPU.ActiveCfg = Debug|Any CPU
		{D772DDD4-2916-1BAF-A614-6884E32B1EC8}.Debug|Any CPU.Build.0 = Debug|Any CPU
		{D772DDD4-2916-1BAF-A614-6884E32B1EC8}.Release|Any CPU.ActiveCfg = Release|Any CPU
		{D772DDD4-2916-1BAF-A614-6884E32B1EC8}.Release|Any CPU.Build.0 = Release|Any CPU
		{8FF55202-38A4-04ED-BFC3-D7D7AA7AD4E8}.Debug|Any CPU.ActiveCfg = Debug|Any CPU
		{8FF55202-38A4-04ED-BFC3-D7D7AA7AD4E8}.Debug|Any CPU.Build.0 = Debug|Any CPU
		{8FF55202-38A4-04ED-BFC3-D7D7AA7AD4E8}.Release|Any CPU.ActiveCfg = Release|Any CPU
		{8FF55202-38A4-04ED-BFC3-D7D7AA7AD4E8}.Release|Any CPU.Build.0 = Release|Any CPU
		{E9AD90FE-E2D3-9F12-399A-2E2EDE013959}.Debug|Any CPU.ActiveCfg = Debug|Any CPU
		{E9AD90FE-E2D3-9F12-399A-2E2EDE013959}.Debug|Any CPU.Build.0 = Debug|Any CPU
		{E9AD90FE-E2D3-9F12-399A-2E2EDE013959}.Release|Any CPU.ActiveCfg = Release|Any CPU
		{E9AD90FE-E2D3-9F12-399A-2E2EDE013959}.Release|Any CPU.Build.0 = Release|Any CPU
		{48088910-FE0F-058D-6B98-AD4049FC9CDA}.Debug|Any CPU.ActiveCfg = Debug|Any CPU
		{48088910-FE0F-058D-6B98-AD4049FC9CDA}.Debug|Any CPU.Build.0 = Debug|Any CPU
		{48088910-FE0F-058D-6B98-AD4049FC9CDA}.Release|Any CPU.ActiveCfg = Release|Any CPU
		{48088910-FE0F-058D-6B98-AD4049FC9CDA}.Release|Any CPU.Build.0 = Release|Any CPU
		{2BCE13CF-2182-A8A1-C5D1-655E7A2D21B1}.Debug|Any CPU.ActiveCfg = Debug|Any CPU
		{2BCE13CF-2182-A8A1-C5D1-655E7A2D21B1}.Debug|Any CPU.Build.0 = Debug|Any CPU
		{2BCE13CF-2182-A8A1-C5D1-655E7A2D21B1}.Release|Any CPU.ActiveCfg = Release|Any CPU
		{2BCE13CF-2182-A8A1-C5D1-655E7A2D21B1}.Release|Any CPU.Build.0 = Release|Any CPU
	EndGlobalSection
	GlobalSection(SolutionProperties) = preSolution
		HideSolutionNode = FALSE
	EndGlobalSection
	GlobalSection(NestedProjects) = preSolution
		{875621A1-E1B2-F608-9BB7-FC3A3F183D31} = {B8EFCA5F-814F-285C-A8CB-F00F14650265}
		{F8E9B2B9-90F0-B3A6-2265-5C72CAABF613} = {875621A1-E1B2-F608-9BB7-FC3A3F183D31}
		{8D49187A-80CC-62FF-290B-EDB9B533685C} = {F8E9B2B9-90F0-B3A6-2265-5C72CAABF613}
		{4510497D-6DCC-F594-327A-CF3D728AB3C1} = {875621A1-E1B2-F608-9BB7-FC3A3F183D31}
		{7C0A80DE-4380-7B1C-6F4B-8DFF90382FD1} = {4510497D-6DCC-F594-327A-CF3D728AB3C1}
		{5E0F3E54-956B-23D1-43E4-8073E08941E7} = {7C0A80DE-4380-7B1C-6F4B-8DFF90382FD1}
		{87BAD27A-77DA-32C7-8D6A-86119F53C551} = {5E0F3E54-956B-23D1-43E4-8073E08941E7}
		{8E3D6239-D920-65D6-8628-8F1AD685C460} = {87BAD27A-77DA-32C7-8D6A-86119F53C551}
		{4D59E27A-09C3-E835-E1D4-375F558C4490} = {8E3D6239-D920-65D6-8628-8F1AD685C460}
		{C46C27B8-F64C-C8A9-E774-4D235A6AD6BC} = {4D59E27A-09C3-E835-E1D4-375F558C4490}
		{CFBAAE68-351B-58CB-6FE1-04881A2B51BC} = {87BAD27A-77DA-32C7-8D6A-86119F53C551}
		{99841D8C-3AF8-17D8-4E92-4CC3CDE9E74D} = {CFBAAE68-351B-58CB-6FE1-04881A2B51BC}
		{9F6A1868-BA70-8B70-6B86-18E449D3786E} = {99841D8C-3AF8-17D8-4E92-4CC3CDE9E74D}
		{CEC115D1-6CD0-281F-B7D5-328F38CB9243} = {87BAD27A-77DA-32C7-8D6A-86119F53C551}
		{FEDD9067-990D-0DD1-8725-A53EA91A221A} = {CEC115D1-6CD0-281F-B7D5-328F38CB9243}
		{D6BF0B62-00B9-D9C0-B5B7-B847D59A9B72} = {FEDD9067-990D-0DD1-8725-A53EA91A221A}
		{191B186A-85E8-3435-CDC4-3AF7D440BA7E} = {87BAD27A-77DA-32C7-8D6A-86119F53C551}
		{8D5FF2D0-51B8-D35D-ACC5-6F09A742485D} = {191B186A-85E8-3435-CDC4-3AF7D440BA7E}
		{825BECF2-A21A-59AB-F47F-63D9D2FC3A8C} = {8D5FF2D0-51B8-D35D-ACC5-6F09A742485D}
		{BF93B00C-CEDE-4A31-96CF-C5D42B41F707} = {87BAD27A-77DA-32C7-8D6A-86119F53C551}
		{C46F4138-F84E-06B1-F178-A7B6DE09936B} = {BF93B00C-CEDE-4A31-96CF-C5D42B41F707}
		{60EF86D5-B23F-A057-3080-4102B045F0A7} = {C46F4138-F84E-06B1-F178-A7B6DE09936B}
		{EFCDE7FE-BDEF-AC04-7D90-AFB0DBB98874} = {7C0A80DE-4380-7B1C-6F4B-8DFF90382FD1}
		{1EA68CBF-D341-6F72-89CE-9E23392F634B} = {EFCDE7FE-BDEF-AC04-7D90-AFB0DBB98874}
		{72A5EE2A-1492-49C3-A301-89C72C4FEDBD} = {1EA68CBF-D341-6F72-89CE-9E23392F634B}
		{BB27418F-7478-6336-89A9-1A3E42367B12} = {72A5EE2A-1492-49C3-A301-89C72C4FEDBD}
		{011A8BEC-1358-17DB-2FB2-EE6BF7FD1E30} = {BB27418F-7478-6336-89A9-1A3E42367B12}
		{C1CAE349-CB16-0D02-0F73-DF1864859629} = {1EA68CBF-D341-6F72-89CE-9E23392F634B}
		{DA661325-A367-7586-BB4F-214E16465565} = {C1CAE349-CB16-0D02-0F73-DF1864859629}
		{D772DDD4-2916-1BAF-A614-6884E32B1EC8} = {DA661325-A367-7586-BB4F-214E16465565}
		{DF467CA1-F242-91D4-3CB9-58B1DC3B89AA} = {1EA68CBF-D341-6F72-89CE-9E23392F634B}
		{F5A5F529-9214-52A1-6E8E-F3D780971656} = {DF467CA1-F242-91D4-3CB9-58B1DC3B89AA}
		{8FF55202-38A4-04ED-BFC3-D7D7AA7AD4E8} = {F5A5F529-9214-52A1-6E8E-F3D780971656}
		{09252992-DB5E-1A4F-F722-D4A7C5F0EE91} = {1EA68CBF-D341-6F72-89CE-9E23392F634B}
		{7A15F4AD-B866-B371-CFD1-751590C4D511} = {09252992-DB5E-1A4F-F722-D4A7C5F0EE91}
		{E9AD90FE-E2D3-9F12-399A-2E2EDE013959} = {7A15F4AD-B866-B371-CFD1-751590C4D511}
		{1EA2F366-CA4B-EB6E-4198-6447063CF3B6} = {1EA68CBF-D341-6F72-89CE-9E23392F634B}
		{D3D2B190-8B98-3F0C-7F54-8AB8D1CE067A} = {1EA2F366-CA4B-EB6E-4198-6447063CF3B6}
		{48088910-FE0F-058D-6B98-AD4049FC9CDA} = {D3D2B190-8B98-3F0C-7F54-8AB8D1CE067A}
		{AB722F0C-4FAA-AFEE-F1E9-ADE50DD08092} = {1EA68CBF-D341-6F72-89CE-9E23392F634B}
		{2F8F79BA-3026-42B0-117C-1FCB7FFF6CB3} = {AB722F0C-4FAA-AFEE-F1E9-ADE50DD08092}
		{2BCE13CF-2182-A8A1-C5D1-655E7A2D21B1} = {2F8F79BA-3026-42B0-117C-1FCB7FFF6CB3}
	EndGlobalSection
	GlobalSection(ExtensibilityGlobals) = postSolution
		SolutionGuid = {4860BE77-4C55-47A8-AE72-9408E714F174}
	EndGlobalSection
EndGlobal
