
Microsoft Visual Studio Solution File, Format Version 12.00
# Visual Studio Version 17
VisualStudioVersion = 17.5.002.0
MinimumVisualStudioVersion = 10.0.40219.1
Project("{2150E333-8FDC-42A3-9474-1A3956D46DE8}") = "source", "source", "{1CFD842B-105D-4FFA-BCA4-FA4D364290DA}"
EndProject
Project("{2150E333-8FDC-42A3-9474-1A3956D46DE8}") = "includes", "includes", "{359FE742-1B56-4ED4-AC96-460C1FF7816A}"
EndProject
Project("{2150E333-8FDC-42A3-9474-1A3956D46DE8}") = "qe-tutorials", "qe-tutorials", "{90EA9D7F-CE07-4C44-9D79-F41E100E151A}"
EndProject
Project("{9A19103F-16F7-4668-BE54-9A1E7A4F7556}") = "QueryableEncryptionExample", "source\includes\qe-tutorials\csharp\QueryableEncryptionExample.csproj", "{A23B685C-F2B4-4168-92B0-F976B37DF7C3}"
EndProject
Project("{2150E333-8FDC-42A3-9474-1A3956D46DE8}") = "generated", "generated", "{8C371462-6099-4DD0-93EC-4D20768C36DD}"
EndProject
Project("{2150E333-8FDC-42A3-9474-1A3956D46DE8}") = "in-use-encryption", "in-use-encryption", "{0791BA5C-E139-49FF-96C7-D0E680EB4DD3}"
EndProject
Project("{2150E333-8FDC-42A3-9474-1A3956D46DE8}") = "csfle", "csfle", "{0BFB8E0A-8F92-48EF-B676-8E433ECBE3C3}"
EndProject
Project("{2150E333-8FDC-42A3-9474-1A3956D46DE8}") = "dotnet", "dotnet", "{3A65BC48-80E7-41FD-9245-AE68176E2770}"
EndProject
Project("{2150E333-8FDC-42A3-9474-1A3956D46DE8}") = "kmip", "kmip", "{D1A651FF-3C68-4C89-B59A-8D4623DBD2F7}"
EndProject
Project("{2150E333-8FDC-42A3-9474-1A3956D46DE8}") = "reader", "reader", "{30DECA27-7BAE-4AAF-AF8C-CB562D896EC2}"
EndProject
Project("{9A19103F-16F7-4668-BE54-9A1E7A4F7556}") = "CSFLE", "source\includes\generated\in-use-encryption\csfle\dotnet\kmip\reader\CSFLE\CSFLE.csproj", "{C7E24623-819A-40D3-9DF5-3DD3E21444AC}"
EndProject
Project("{2150E333-8FDC-42A3-9474-1A3956D46DE8}") = "azure", "azure", "{EDE373A1-77F2-4CA0-AFFF-EFFC1C85D3F2}"
EndProject
Project("{2150E333-8FDC-42A3-9474-1A3956D46DE8}") = "reader", "reader", "{FC4EC909-A216-4F44-86B6-7D035FA2461D}"
EndProject
Project("{9A19103F-16F7-4668-BE54-9A1E7A4F7556}") = "CSFLE", "source\includes\generated\in-use-encryption\csfle\dotnet\azure\reader\CSFLE\CSFLE.csproj", "{7AAF9695-C85A-4485-8794-EB77FFC123D1}"
EndProject
Project("{2150E333-8FDC-42A3-9474-1A3956D46DE8}") = "gcp", "gcp", "{BA583550-B3F7-4C7F-96A0-2DE320933CBA}"
EndProject
Project("{2150E333-8FDC-42A3-9474-1A3956D46DE8}") = "reader", "reader", "{520022AD-E5AC-4A5E-91D9-90C3B33F70B6}"
EndProject
Project("{9A19103F-16F7-4668-BE54-9A1E7A4F7556}") = "CSFLE", "source\includes\generated\in-use-encryption\csfle\dotnet\gcp\reader\CSFLE\CSFLE.csproj", "{9F6B4E2B-AE0B-494C-BBDA-BF7A0CCA632E}"
EndProject
Project("{2150E333-8FDC-42A3-9474-1A3956D46DE8}") = "local", "local", "{2746944F-2945-4B69-98E1-2AD7C44F7F03}"
EndProject
Project("{2150E333-8FDC-42A3-9474-1A3956D46DE8}") = "reader", "reader", "{739902B1-6B66-44D1-B919-0AE9C91B96BB}"
EndProject
Project("{9A19103F-16F7-4668-BE54-9A1E7A4F7556}") = "CSFLE", "source\includes\generated\in-use-encryption\csfle\dotnet\local\reader\CSFLE\CSFLE.csproj", "{A3045AA6-877E-47A6-A15D-DFFC2B3C2D05}"
EndProject
Project("{2150E333-8FDC-42A3-9474-1A3956D46DE8}") = "aws", "aws", "{7F30F4FA-65CE-407E-B40F-1DEC89FB59CC}"
EndProject
Project("{2150E333-8FDC-42A3-9474-1A3956D46DE8}") = "reader", "reader", "{94677621-BC10-42AD-AB4C-BDB44162560F}"
EndProject
Project("{9A19103F-16F7-4668-BE54-9A1E7A4F7556}") = "CSFLE", "source\includes\generated\in-use-encryption\csfle\dotnet\aws\reader\CSFLE\CSFLE.csproj", "{B79C8958-A76B-4F54-879E-312EE2B9924B}"
EndProject
Project("{2150E333-8FDC-42A3-9474-1A3956D46DE8}") = "queryable-encryption", "queryable-encryption", "{6DF1C399-FB42-49CC-A808-B312121C3B07}"
EndProject
Project("{2150E333-8FDC-42A3-9474-1A3956D46DE8}") = "dotnet", "dotnet", "{F2435FC6-7D17-4EB5-9497-EF5ECFEDDD22}"
EndProject
Project("{2150E333-8FDC-42A3-9474-1A3956D46DE8}") = "kmip", "kmip", "{68D1F93C-1376-4780-84C5-E7EA5A7D45AE}"
EndProject
Project("{2150E333-8FDC-42A3-9474-1A3956D46DE8}") = "reader", "reader", "{BB0AB4BC-CC13-4B69-9789-BA75F2A371C9}"
EndProject
Project("{9A19103F-16F7-4668-BE54-9A1E7A4F7556}") = "QueryableEncryption", "source\includes\generated\in-use-encryption\queryable-encryption\dotnet\kmip\reader\QueryableEncryption\QueryableEncryption.csproj", "{A1856401-DB02-4BAE-96F8-D791872E0A55}"
EndProject
Project("{2150E333-8FDC-42A3-9474-1A3956D46DE8}") = "azure", "azure", "{0562EDA9-C3E3-411B-B512-982102643092}"
EndProject
Project("{2150E333-8FDC-42A3-9474-1A3956D46DE8}") = "reader", "reader", "{AFB25D7F-17CE-409C-B2F7-39908DC9C114}"
EndProject
Project("{9A19103F-16F7-4668-BE54-9A1E7A4F7556}") = "QueryableEncryption", "source\includes\generated\in-use-encryption\queryable-encryption\dotnet\azure\reader\QueryableEncryption\QueryableEncryption.csproj", "{44A91FF2-6DAC-4F0D-8619-4251C9A54C33}"
EndProject
Project("{2150E333-8FDC-42A3-9474-1A3956D46DE8}") = "gcp", "gcp", "{B040E36C-B09F-4460-84AD-4E166892ED1E}"
EndProject
Project("{2150E333-8FDC-42A3-9474-1A3956D46DE8}") = "reader", "reader", "{7E873A66-18A9-4D9E-88F0-638D3C2991F1}"
EndProject
Project("{9A19103F-16F7-4668-BE54-9A1E7A4F7556}") = "QueryableEncryption", "source\includes\generated\in-use-encryption\queryable-encryption\dotnet\gcp\reader\QueryableEncryption\QueryableEncryption.csproj", "{F6CD5FA5-DFBA-4412-BE14-F59E9507F267}"
EndProject
Project("{2150E333-8FDC-42A3-9474-1A3956D46DE8}") = "local", "local", "{7B79D618-C0A5-42E7-8A35-1BC36CB07311}"
EndProject
Project("{2150E333-8FDC-42A3-9474-1A3956D46DE8}") = "reader", "reader", "{60EA5054-D685-4217-811F-467FFF6C34A2}"
EndProject
Project("{9A19103F-16F7-4668-BE54-9A1E7A4F7556}") = "QueryableEncryption", "source\includes\generated\in-use-encryption\queryable-encryption\dotnet\local\reader\QueryableEncryption\QueryableEncryption.csproj", "{E894B162-56D6-45CB-813E-56B136BE4006}"
EndProject
Project("{2150E333-8FDC-42A3-9474-1A3956D46DE8}") = "aws", "aws", "{19AAC2EC-BB0F-400C-A117-F5A7C15BF6A4}"
EndProject
Project("{2150E333-8FDC-42A3-9474-1A3956D46DE8}") = "reader", "reader", "{3C66C34A-D44A-4FAF-A26E-5FBE34DC9E00}"
EndProject
Project("{9A19103F-16F7-4668-BE54-9A1E7A4F7556}") = "QueryableEncryption", "source\includes\generated\in-use-encryption\queryable-encryption\dotnet\aws\reader\QueryableEncryption\QueryableEncryption.csproj", "{B004AFC0-619F-4150-B46C-A83FEB04BAC4}"
EndProject
Project("{2150E333-8FDC-42A3-9474-1A3956D46DE8}") = "exp", "exp", "{1CB08C6F-B505-4663-9B3E-B31ABDD838C8}"
EndProject
Project("{2150E333-8FDC-42A3-9474-1A3956D46DE8}") = "reader", "reader", "{D0ACF13A-B562-4BD8-82D5-EB36DA0DF1D2}"
EndProject
Project("{9A19103F-16F7-4668-BE54-9A1E7A4F7556}") = "QueryableEncryption", "source\includes\generated\in-use-encryption\queryable-encryption\dotnet\exp\reader\QueryableEncryption\QueryableEncryption.csproj", "{D5081DF8-45E0-4F8E-B41B-DBC2372DC51A}"
EndProject
Global
	GlobalSection(SolutionConfigurationPlatforms) = preSolution
		Debug|Any CPU = Debug|Any CPU
		Release|Any CPU = Release|Any CPU
	EndGlobalSection
	GlobalSection(ProjectConfigurationPlatforms) = postSolution
		{A23B685C-F2B4-4168-92B0-F976B37DF7C3}.Debug|Any CPU.ActiveCfg = Debug|Any CPU
		{A23B685C-F2B4-4168-92B0-F976B37DF7C3}.Debug|Any CPU.Build.0 = Debug|Any CPU
		{A23B685C-F2B4-4168-92B0-F976B37DF7C3}.Release|Any CPU.ActiveCfg = Release|Any CPU
		{A23B685C-F2B4-4168-92B0-F976B37DF7C3}.Release|Any CPU.Build.0 = Release|Any CPU
		{C7E24623-819A-40D3-9DF5-3DD3E21444AC}.Debug|Any CPU.ActiveCfg = Debug|Any CPU
		{C7E24623-819A-40D3-9DF5-3DD3E21444AC}.Debug|Any CPU.Build.0 = Debug|Any CPU
		{C7E24623-819A-40D3-9DF5-3DD3E21444AC}.Release|Any CPU.ActiveCfg = Release|Any CPU
		{C7E24623-819A-40D3-9DF5-3DD3E21444AC}.Release|Any CPU.Build.0 = Release|Any CPU
		{7AAF9695-C85A-4485-8794-EB77FFC123D1}.Debug|Any CPU.ActiveCfg = Debug|Any CPU
		{7AAF9695-C85A-4485-8794-EB77FFC123D1}.Debug|Any CPU.Build.0 = Debug|Any CPU
		{7AAF9695-C85A-4485-8794-EB77FFC123D1}.Release|Any CPU.ActiveCfg = Release|Any CPU
		{7AAF9695-C85A-4485-8794-EB77FFC123D1}.Release|Any CPU.Build.0 = Release|Any CPU
		{9F6B4E2B-AE0B-494C-BBDA-BF7A0CCA632E}.Debug|Any CPU.ActiveCfg = Debug|Any CPU
		{9F6B4E2B-AE0B-494C-BBDA-BF7A0CCA632E}.Debug|Any CPU.Build.0 = Debug|Any CPU
		{9F6B4E2B-AE0B-494C-BBDA-BF7A0CCA632E}.Release|Any CPU.ActiveCfg = Release|Any CPU
		{9F6B4E2B-AE0B-494C-BBDA-BF7A0CCA632E}.Release|Any CPU.Build.0 = Release|Any CPU
		{A3045AA6-877E-47A6-A15D-DFFC2B3C2D05}.Debug|Any CPU.ActiveCfg = Debug|Any CPU
		{A3045AA6-877E-47A6-A15D-DFFC2B3C2D05}.Debug|Any CPU.Build.0 = Debug|Any CPU
		{A3045AA6-877E-47A6-A15D-DFFC2B3C2D05}.Release|Any CPU.ActiveCfg = Release|Any CPU
		{A3045AA6-877E-47A6-A15D-DFFC2B3C2D05}.Release|Any CPU.Build.0 = Release|Any CPU
		{B79C8958-A76B-4F54-879E-312EE2B9924B}.Debug|Any CPU.ActiveCfg = Debug|Any CPU
		{B79C8958-A76B-4F54-879E-312EE2B9924B}.Debug|Any CPU.Build.0 = Debug|Any CPU
		{B79C8958-A76B-4F54-879E-312EE2B9924B}.Release|Any CPU.ActiveCfg = Release|Any CPU
		{B79C8958-A76B-4F54-879E-312EE2B9924B}.Release|Any CPU.Build.0 = Release|Any CPU
		{A1856401-DB02-4BAE-96F8-D791872E0A55}.Debug|Any CPU.ActiveCfg = Debug|Any CPU
		{A1856401-DB02-4BAE-96F8-D791872E0A55}.Debug|Any CPU.Build.0 = Debug|Any CPU
		{A1856401-DB02-4BAE-96F8-D791872E0A55}.Release|Any CPU.ActiveCfg = Release|Any CPU
		{A1856401-DB02-4BAE-96F8-D791872E0A55}.Release|Any CPU.Build.0 = Release|Any CPU
		{44A91FF2-6DAC-4F0D-8619-4251C9A54C33}.Debug|Any CPU.ActiveCfg = Debug|Any CPU
		{44A91FF2-6DAC-4F0D-8619-4251C9A54C33}.Debug|Any CPU.Build.0 = Debug|Any CPU
		{44A91FF2-6DAC-4F0D-8619-4251C9A54C33}.Release|Any CPU.ActiveCfg = Release|Any CPU
		{44A91FF2-6DAC-4F0D-8619-4251C9A54C33}.Release|Any CPU.Build.0 = Release|Any CPU
		{F6CD5FA5-DFBA-4412-BE14-F59E9507F267}.Debug|Any CPU.ActiveCfg = Debug|Any CPU
		{F6CD5FA5-DFBA-4412-BE14-F59E9507F267}.Debug|Any CPU.Build.0 = Debug|Any CPU
		{F6CD5FA5-DFBA-4412-BE14-F59E9507F267}.Release|Any CPU.ActiveCfg = Release|Any CPU
		{F6CD5FA5-DFBA-4412-BE14-F59E9507F267}.Release|Any CPU.Build.0 = Release|Any CPU
		{E894B162-56D6-45CB-813E-56B136BE4006}.Debug|Any CPU.ActiveCfg = Debug|Any CPU
		{E894B162-56D6-45CB-813E-56B136BE4006}.Debug|Any CPU.Build.0 = Debug|Any CPU
		{E894B162-56D6-45CB-813E-56B136BE4006}.Release|Any CPU.ActiveCfg = Release|Any CPU
		{E894B162-56D6-45CB-813E-56B136BE4006}.Release|Any CPU.Build.0 = Release|Any CPU
		{B004AFC0-619F-4150-B46C-A83FEB04BAC4}.Debug|Any CPU.ActiveCfg = Debug|Any CPU
		{B004AFC0-619F-4150-B46C-A83FEB04BAC4}.Debug|Any CPU.Build.0 = Debug|Any CPU
		{B004AFC0-619F-4150-B46C-A83FEB04BAC4}.Release|Any CPU.ActiveCfg = Release|Any CPU
		{B004AFC0-619F-4150-B46C-A83FEB04BAC4}.Release|Any CPU.Build.0 = Release|Any CPU
		{D5081DF8-45E0-4F8E-B41B-DBC2372DC51A}.Debug|Any CPU.ActiveCfg = Debug|Any CPU
		{D5081DF8-45E0-4F8E-B41B-DBC2372DC51A}.Debug|Any CPU.Build.0 = Debug|Any CPU
		{D5081DF8-45E0-4F8E-B41B-DBC2372DC51A}.Release|Any CPU.ActiveCfg = Release|Any CPU
		{D5081DF8-45E0-4F8E-B41B-DBC2372DC51A}.Release|Any CPU.Build.0 = Release|Any CPU
	EndGlobalSection
	GlobalSection(SolutionProperties) = preSolution
		HideSolutionNode = FALSE
	EndGlobalSection
	GlobalSection(NestedProjects) = preSolution
		{359FE742-1B56-4ED4-AC96-460C1FF7816A} = {1CFD842B-105D-4FFA-BCA4-FA4D364290DA}
		{90EA9D7F-CE07-4C44-9D79-F41E100E151A} = {359FE742-1B56-4ED4-AC96-460C1FF7816A}
		{A23B685C-F2B4-4168-92B0-F976B37DF7C3} = {90EA9D7F-CE07-4C44-9D79-F41E100E151A}
		{8C371462-6099-4DD0-93EC-4D20768C36DD} = {359FE742-1B56-4ED4-AC96-460C1FF7816A}
		{0791BA5C-E139-49FF-96C7-D0E680EB4DD3} = {8C371462-6099-4DD0-93EC-4D20768C36DD}
		{0BFB8E0A-8F92-48EF-B676-8E433ECBE3C3} = {0791BA5C-E139-49FF-96C7-D0E680EB4DD3}
		{3A65BC48-80E7-41FD-9245-AE68176E2770} = {0BFB8E0A-8F92-48EF-B676-8E433ECBE3C3}
		{D1A651FF-3C68-4C89-B59A-8D4623DBD2F7} = {3A65BC48-80E7-41FD-9245-AE68176E2770}
		{30DECA27-7BAE-4AAF-AF8C-CB562D896EC2} = {D1A651FF-3C68-4C89-B59A-8D4623DBD2F7}
		{C7E24623-819A-40D3-9DF5-3DD3E21444AC} = {30DECA27-7BAE-4AAF-AF8C-CB562D896EC2}
		{EDE373A1-77F2-4CA0-AFFF-EFFC1C85D3F2} = {3A65BC48-80E7-41FD-9245-AE68176E2770}
		{FC4EC909-A216-4F44-86B6-7D035FA2461D} = {EDE373A1-77F2-4CA0-AFFF-EFFC1C85D3F2}
		{7AAF9695-C85A-4485-8794-EB77FFC123D1} = {FC4EC909-A216-4F44-86B6-7D035FA2461D}
		{BA583550-B3F7-4C7F-96A0-2DE320933CBA} = {3A65BC48-80E7-41FD-9245-AE68176E2770}
		{520022AD-E5AC-4A5E-91D9-90C3B33F70B6} = {BA583550-B3F7-4C7F-96A0-2DE320933CBA}
		{9F6B4E2B-AE0B-494C-BBDA-BF7A0CCA632E} = {520022AD-E5AC-4A5E-91D9-90C3B33F70B6}
		{2746944F-2945-4B69-98E1-2AD7C44F7F03} = {3A65BC48-80E7-41FD-9245-AE68176E2770}
		{739902B1-6B66-44D1-B919-0AE9C91B96BB} = {2746944F-2945-4B69-98E1-2AD7C44F7F03}
		{A3045AA6-877E-47A6-A15D-DFFC2B3C2D05} = {739902B1-6B66-44D1-B919-0AE9C91B96BB}
		{7F30F4FA-65CE-407E-B40F-1DEC89FB59CC} = {3A65BC48-80E7-41FD-9245-AE68176E2770}
		{94677621-BC10-42AD-AB4C-BDB44162560F} = {7F30F4FA-65CE-407E-B40F-1DEC89FB59CC}
		{B79C8958-A76B-4F54-879E-312EE2B9924B} = {94677621-BC10-42AD-AB4C-BDB44162560F}
		{6DF1C399-FB42-49CC-A808-B312121C3B07} = {0791BA5C-E139-49FF-96C7-D0E680EB4DD3}
		{F2435FC6-7D17-4EB5-9497-EF5ECFEDDD22} = {6DF1C399-FB42-49CC-A808-B312121C3B07}
		{68D1F93C-1376-4780-84C5-E7EA5A7D45AE} = {F2435FC6-7D17-4EB5-9497-EF5ECFEDDD22}
		{BB0AB4BC-CC13-4B69-9789-BA75F2A371C9} = {68D1F93C-1376-4780-84C5-E7EA5A7D45AE}
		{A1856401-DB02-4BAE-96F8-D791872E0A55} = {BB0AB4BC-CC13-4B69-9789-BA75F2A371C9}
		{0562EDA9-C3E3-411B-B512-982102643092} = {F2435FC6-7D17-4EB5-9497-EF5ECFEDDD22}
		{AFB25D7F-17CE-409C-B2F7-39908DC9C114} = {0562EDA9-C3E3-411B-B512-982102643092}
		{44A91FF2-6DAC-4F0D-8619-4251C9A54C33} = {AFB25D7F-17CE-409C-B2F7-39908DC9C114}
		{B040E36C-B09F-4460-84AD-4E166892ED1E} = {F2435FC6-7D17-4EB5-9497-EF5ECFEDDD22}
		{7E873A66-18A9-4D9E-88F0-638D3C2991F1} = {B040E36C-B09F-4460-84AD-4E166892ED1E}
		{F6CD5FA5-DFBA-4412-BE14-F59E9507F267} = {7E873A66-18A9-4D9E-88F0-638D3C2991F1}
		{7B79D618-C0A5-42E7-8A35-1BC36CB07311} = {F2435FC6-7D17-4EB5-9497-EF5ECFEDDD22}
		{60EA5054-D685-4217-811F-467FFF6C34A2} = {7B79D618-C0A5-42E7-8A35-1BC36CB07311}
		{E894B162-56D6-45CB-813E-56B136BE4006} = {60EA5054-D685-4217-811F-467FFF6C34A2}
		{19AAC2EC-BB0F-400C-A117-F5A7C15BF6A4} = {F2435FC6-7D17-4EB5-9497-EF5ECFEDDD22}
		{3C66C34A-D44A-4FAF-A26E-5FBE34DC9E00} = {19AAC2EC-BB0F-400C-A117-F5A7C15BF6A4}
		{B004AFC0-619F-4150-B46C-A83FEB04BAC4} = {3C66C34A-D44A-4FAF-A26E-5FBE34DC9E00}
		{1CB08C6F-B505-4663-9B3E-B31ABDD838C8} = {F2435FC6-7D17-4EB5-9497-EF5ECFEDDD22}
		{D0ACF13A-B562-4BD8-82D5-EB36DA0DF1D2} = {1CB08C6F-B505-4663-9B3E-B31ABDD838C8}
		{D5081DF8-45E0-4F8E-B41B-DBC2372DC51A} = {D0ACF13A-B562-4BD8-82D5-EB36DA0DF1D2}
	EndGlobalSection
	GlobalSection(ExtensibilityGlobals) = postSolution
		SolutionGuid = {5B175382-D1E9-4CD6-8586-87BBD987D275}
	EndGlobalSection
EndGlobal
