
Microsoft Visual Studio Solution File, Format Version 12.00
# Visual Studio Version 17
VisualStudioVersion = 17.5.002.0
MinimumVisualStudioVersion = 10.0.40219.1
Project("{2150E333-8FDC-42A3-9474-1A3956D46DE8}") = "source", "source", "{8865871C-BA05-4F5A-885F-411C4D91877E}"
EndProject
Project("{2150E333-8FDC-42A3-9474-1A3956D46DE8}") = "includes", "includes", "{CE589F11-439A-41AD-8BB4-86154F1FE779}"
EndProject
Project("{2150E333-8FDC-42A3-9474-1A3956D46DE8}") = "qe-tutorials", "qe-tutorials", "{75B7C6B9-B1F1-4122-92C7-79D4203574F5}"
EndProject
Project("{9A19103F-16F7-4668-BE54-9A1E7A4F7556}") = "QueryableEncryptionExample", "source\includes\qe-tutorials\csharp\QueryableEncryptionExample.csproj", "{F2171E36-AD5C-4CCC-B1D6-62E9811918AD}"
EndProject
Project("{2150E333-8FDC-42A3-9474-1A3956D46DE8}") = "generated", "generated", "{AE1D77FB-8BEB-49AF-9178-A516E473754A}"
EndProject
Project("{2150E333-8FDC-42A3-9474-1A3956D46DE8}") = "in-use-encryption", "in-use-encryption", "{CD949545-5C03-4237-BF8B-D9E7F633393D}"
EndProject
Project("{2150E333-8FDC-42A3-9474-1A3956D46DE8}") = "csfle", "csfle", "{90D73119-9BEA-41EE-A4E9-7C910091D2A3}"
EndProject
Project("{2150E333-8FDC-42A3-9474-1A3956D46DE8}") = "dotnet", "dotnet", "{EB1BA11C-014E-4167-8BF6-988E649696EC}"
EndProject
Project("{2150E333-8FDC-42A3-9474-1A3956D46DE8}") = "kmip", "kmip", "{857EF4CD-A202-4D91-A34F-667469B1E6C7}"
EndProject
Project("{2150E333-8FDC-42A3-9474-1A3956D46DE8}") = "reader", "reader", "{5CCAEB14-4E6B-4AB8-857C-C32483F42EF1}"
EndProject
Project("{9A19103F-16F7-4668-BE54-9A1E7A4F7556}") = "CSFLE", "source\includes\generated\in-use-encryption\csfle\dotnet\kmip\reader\CSFLE\CSFLE.csproj", "{943E5258-18CF-4370-8147-329CB0DE1637}"
EndProject
Project("{2150E333-8FDC-42A3-9474-1A3956D46DE8}") = "azure", "azure", "{6C3FC593-182F-4D1C-B273-B77F68147AF7}"
EndProject
Project("{2150E333-8FDC-42A3-9474-1A3956D46DE8}") = "reader", "reader", "{AB9A1180-F116-4DE9-AD11-C57680D7BA1B}"
EndProject
Project("{9A19103F-16F7-4668-BE54-9A1E7A4F7556}") = "CSFLE", "source\includes\generated\in-use-encryption\csfle\dotnet\azure\reader\CSFLE\CSFLE.csproj", "{0A621B25-D266-4786-B6CF-047DDB282929}"
EndProject
Project("{2150E333-8FDC-42A3-9474-1A3956D46DE8}") = "gcp", "gcp", "{EE40CF30-87C7-4641-BEDD-4F79F765A89B}"
EndProject
Project("{2150E333-8FDC-42A3-9474-1A3956D46DE8}") = "reader", "reader", "{E81BB55C-BD84-462F-BBCC-93627A2725A6}"
EndProject
Project("{9A19103F-16F7-4668-BE54-9A1E7A4F7556}") = "CSFLE", "source\includes\generated\in-use-encryption\csfle\dotnet\gcp\reader\CSFLE\CSFLE.csproj", "{D0227A22-8F59-476C-999A-805521A6520B}"
EndProject
Project("{2150E333-8FDC-42A3-9474-1A3956D46DE8}") = "local", "local", "{A408D6E1-A421-4F1B-B40E-00EDF6BBC275}"
EndProject
Project("{2150E333-8FDC-42A3-9474-1A3956D46DE8}") = "reader", "reader", "{28FDB945-801B-4883-B6DD-6C00C5A602B0}"
EndProject
Project("{9A19103F-16F7-4668-BE54-9A1E7A4F7556}") = "CSFLE", "source\includes\generated\in-use-encryption\csfle\dotnet\local\reader\CSFLE\CSFLE.csproj", "{5B68DBA5-EE3B-4906-AC6B-4614E4EC4F9F}"
EndProject
Project("{2150E333-8FDC-42A3-9474-1A3956D46DE8}") = "aws", "aws", "{074F1E31-339C-4BAB-A1E3-11193207CC6E}"
EndProject
Project("{2150E333-8FDC-42A3-9474-1A3956D46DE8}") = "reader", "reader", "{18CD7958-9F35-4228-9D0F-0AB8FDEBD409}"
EndProject
Project("{9A19103F-16F7-4668-BE54-9A1E7A4F7556}") = "CSFLE", "source\includes\generated\in-use-encryption\csfle\dotnet\aws\reader\CSFLE\CSFLE.csproj", "{D2D240F7-7ED2-4D1C-8632-F22963E044E5}"
EndProject
Project("{2150E333-8FDC-42A3-9474-1A3956D46DE8}") = "queryable-encryption", "queryable-encryption", "{9D6399F5-6DD8-4F8B-8E10-2BDC02633790}"
EndProject
Project("{2150E333-8FDC-42A3-9474-1A3956D46DE8}") = "dotnet", "dotnet", "{B9AC3765-313C-4430-BB1E-FD8DDE4D77E7}"
EndProject
Project("{2150E333-8FDC-42A3-9474-1A3956D46DE8}") = "kmip", "kmip", "{18ACA479-CA5B-4B2B-A6F5-15F7508D9059}"
EndProject
Project("{2150E333-8FDC-42A3-9474-1A3956D46DE8}") = "reader", "reader", "{A15F3355-E931-40AF-A387-805078E30FD5}"
EndProject
Project("{9A19103F-16F7-4668-BE54-9A1E7A4F7556}") = "QueryableEncryption", "source\includes\generated\in-use-encryption\queryable-encryption\dotnet\kmip\reader\QueryableEncryption\QueryableEncryption.csproj", "{80334160-B9A2-4261-8B8A-FA558DA9BA26}"
EndProject
Project("{2150E333-8FDC-42A3-9474-1A3956D46DE8}") = "azure", "azure", "{382BABEF-1F11-4F87-B5BD-2365ABA206F9}"
EndProject
Project("{2150E333-8FDC-42A3-9474-1A3956D46DE8}") = "reader", "reader", "{C5F7361C-B048-45C4-AEFB-ED3642DE6B4A}"
EndProject
Project("{9A19103F-16F7-4668-BE54-9A1E7A4F7556}") = "QueryableEncryption", "source\includes\generated\in-use-encryption\queryable-encryption\dotnet\azure\reader\QueryableEncryption\QueryableEncryption.csproj", "{F4B7CF81-8A63-433A-AAD3-AD465E0F2B3C}"
EndProject
Project("{2150E333-8FDC-42A3-9474-1A3956D46DE8}") = "gcp", "gcp", "{A73CB8BF-E028-4487-ABDD-2898AEE7D304}"
EndProject
Project("{2150E333-8FDC-42A3-9474-1A3956D46DE8}") = "reader", "reader", "{99DC4B84-494F-4A0A-A648-1902ACCA44FC}"
EndProject
Project("{9A19103F-16F7-4668-BE54-9A1E7A4F7556}") = "QueryableEncryption", "source\includes\generated\in-use-encryption\queryable-encryption\dotnet\gcp\reader\QueryableEncryption\QueryableEncryption.csproj", "{F05A08CE-85A5-4436-BDBD-56B154D4F1B1}"
EndProject
Project("{2150E333-8FDC-42A3-9474-1A3956D46DE8}") = "local", "local", "{FDF2D160-D8FE-47C0-AD27-87B35A42DC68}"
EndProject
Project("{2150E333-8FDC-42A3-9474-1A3956D46DE8}") = "reader", "reader", "{4F7FB064-A92E-45B5-9D20-461DC58D1D6D}"
EndProject
Project("{9A19103F-16F7-4668-BE54-9A1E7A4F7556}") = "QueryableEncryption", "source\includes\generated\in-use-encryption\queryable-encryption\dotnet\local\reader\QueryableEncryption\QueryableEncryption.csproj", "{2B60AF11-DC64-44EF-BA25-4D1F8762331B}"
EndProject
Project("{2150E333-8FDC-42A3-9474-1A3956D46DE8}") = "aws", "aws", "{12CDCA92-7E7C-42A9-B51D-89CB282C7A24}"
EndProject
Project("{2150E333-8FDC-42A3-9474-1A3956D46DE8}") = "reader", "reader", "{5CEA4AF3-470C-4CA8-BBD8-FD68F35E3423}"
EndProject
Project("{9A19103F-16F7-4668-BE54-9A1E7A4F7556}") = "QueryableEncryption", "source\includes\generated\in-use-encryption\queryable-encryption\dotnet\aws\reader\QueryableEncryption\QueryableEncryption.csproj", "{6F9A70BF-632B-4F66-9FE3-78FFA15D9D9A}"
EndProject
Project("{2150E333-8FDC-42A3-9474-1A3956D46DE8}") = "exp", "exp", "{9C8E488E-49CB-4F5E-8185-4F747363A1E7}"
EndProject
Project("{2150E333-8FDC-42A3-9474-1A3956D46DE8}") = "reader", "reader", "{504DD87D-D3A4-49F1-AD5D-084EC30F9B44}"
EndProject
Project("{9A19103F-16F7-4668-BE54-9A1E7A4F7556}") = "QueryableEncryption", "source\includes\generated\in-use-encryption\queryable-encryption\dotnet\exp\reader\QueryableEncryption\QueryableEncryption.csproj", "{C02DB014-1ABA-4958-BC05-AB18D957E656}"
EndProject
Global
	GlobalSection(SolutionConfigurationPlatforms) = preSolution
		Debug|Any CPU = Debug|Any CPU
		Release|Any CPU = Release|Any CPU
	EndGlobalSection
	GlobalSection(ProjectConfigurationPlatforms) = postSolution
		{F2171E36-AD5C-4CCC-B1D6-62E9811918AD}.Debug|Any CPU.ActiveCfg = Debug|Any CPU
		{F2171E36-AD5C-4CCC-B1D6-62E9811918AD}.Debug|Any CPU.Build.0 = Debug|Any CPU
		{F2171E36-AD5C-4CCC-B1D6-62E9811918AD}.Release|Any CPU.ActiveCfg = Release|Any CPU
		{F2171E36-AD5C-4CCC-B1D6-62E9811918AD}.Release|Any CPU.Build.0 = Release|Any CPU
		{943E5258-18CF-4370-8147-329CB0DE1637}.Debug|Any CPU.ActiveCfg = Debug|Any CPU
		{943E5258-18CF-4370-8147-329CB0DE1637}.Debug|Any CPU.Build.0 = Debug|Any CPU
		{943E5258-18CF-4370-8147-329CB0DE1637}.Release|Any CPU.ActiveCfg = Release|Any CPU
		{943E5258-18CF-4370-8147-329CB0DE1637}.Release|Any CPU.Build.0 = Release|Any CPU
		{0A621B25-D266-4786-B6CF-047DDB282929}.Debug|Any CPU.ActiveCfg = Debug|Any CPU
		{0A621B25-D266-4786-B6CF-047DDB282929}.Debug|Any CPU.Build.0 = Debug|Any CPU
		{0A621B25-D266-4786-B6CF-047DDB282929}.Release|Any CPU.ActiveCfg = Release|Any CPU
		{0A621B25-D266-4786-B6CF-047DDB282929}.Release|Any CPU.Build.0 = Release|Any CPU
		{D0227A22-8F59-476C-999A-805521A6520B}.Debug|Any CPU.ActiveCfg = Debug|Any CPU
		{D0227A22-8F59-476C-999A-805521A6520B}.Debug|Any CPU.Build.0 = Debug|Any CPU
		{D0227A22-8F59-476C-999A-805521A6520B}.Release|Any CPU.ActiveCfg = Release|Any CPU
		{D0227A22-8F59-476C-999A-805521A6520B}.Release|Any CPU.Build.0 = Release|Any CPU
		{5B68DBA5-EE3B-4906-AC6B-4614E4EC4F9F}.Debug|Any CPU.ActiveCfg = Debug|Any CPU
		{5B68DBA5-EE3B-4906-AC6B-4614E4EC4F9F}.Debug|Any CPU.Build.0 = Debug|Any CPU
		{5B68DBA5-EE3B-4906-AC6B-4614E4EC4F9F}.Release|Any CPU.ActiveCfg = Release|Any CPU
		{5B68DBA5-EE3B-4906-AC6B-4614E4EC4F9F}.Release|Any CPU.Build.0 = Release|Any CPU
		{D2D240F7-7ED2-4D1C-8632-F22963E044E5}.Debug|Any CPU.ActiveCfg = Debug|Any CPU
		{D2D240F7-7ED2-4D1C-8632-F22963E044E5}.Debug|Any CPU.Build.0 = Debug|Any CPU
		{D2D240F7-7ED2-4D1C-8632-F22963E044E5}.Release|Any CPU.ActiveCfg = Release|Any CPU
		{D2D240F7-7ED2-4D1C-8632-F22963E044E5}.Release|Any CPU.Build.0 = Release|Any CPU
		{80334160-B9A2-4261-8B8A-FA558DA9BA26}.Debug|Any CPU.ActiveCfg = Debug|Any CPU
		{80334160-B9A2-4261-8B8A-FA558DA9BA26}.Debug|Any CPU.Build.0 = Debug|Any CPU
		{80334160-B9A2-4261-8B8A-FA558DA9BA26}.Release|Any CPU.ActiveCfg = Release|Any CPU
		{80334160-B9A2-4261-8B8A-FA558DA9BA26}.Release|Any CPU.Build.0 = Release|Any CPU
		{F4B7CF81-8A63-433A-AAD3-AD465E0F2B3C}.Debug|Any CPU.ActiveCfg = Debug|Any CPU
		{F4B7CF81-8A63-433A-AAD3-AD465E0F2B3C}.Debug|Any CPU.Build.0 = Debug|Any CPU
		{F4B7CF81-8A63-433A-AAD3-AD465E0F2B3C}.Release|Any CPU.ActiveCfg = Release|Any CPU
		{F4B7CF81-8A63-433A-AAD3-AD465E0F2B3C}.Release|Any CPU.Build.0 = Release|Any CPU
		{F05A08CE-85A5-4436-BDBD-56B154D4F1B1}.Debug|Any CPU.ActiveCfg = Debug|Any CPU
		{F05A08CE-85A5-4436-BDBD-56B154D4F1B1}.Debug|Any CPU.Build.0 = Debug|Any CPU
		{F05A08CE-85A5-4436-BDBD-56B154D4F1B1}.Release|Any CPU.ActiveCfg = Release|Any CPU
		{F05A08CE-85A5-4436-BDBD-56B154D4F1B1}.Release|Any CPU.Build.0 = Release|Any CPU
		{2B60AF11-DC64-44EF-BA25-4D1F8762331B}.Debug|Any CPU.ActiveCfg = Debug|Any CPU
		{2B60AF11-DC64-44EF-BA25-4D1F8762331B}.Debug|Any CPU.Build.0 = Debug|Any CPU
		{2B60AF11-DC64-44EF-BA25-4D1F8762331B}.Release|Any CPU.ActiveCfg = Release|Any CPU
		{2B60AF11-DC64-44EF-BA25-4D1F8762331B}.Release|Any CPU.Build.0 = Release|Any CPU
		{6F9A70BF-632B-4F66-9FE3-78FFA15D9D9A}.Debug|Any CPU.ActiveCfg = Debug|Any CPU
		{6F9A70BF-632B-4F66-9FE3-78FFA15D9D9A}.Debug|Any CPU.Build.0 = Debug|Any CPU
		{6F9A70BF-632B-4F66-9FE3-78FFA15D9D9A}.Release|Any CPU.ActiveCfg = Release|Any CPU
		{6F9A70BF-632B-4F66-9FE3-78FFA15D9D9A}.Release|Any CPU.Build.0 = Release|Any CPU
		{C02DB014-1ABA-4958-BC05-AB18D957E656}.Debug|Any CPU.ActiveCfg = Debug|Any CPU
		{C02DB014-1ABA-4958-BC05-AB18D957E656}.Debug|Any CPU.Build.0 = Debug|Any CPU
		{C02DB014-1ABA-4958-BC05-AB18D957E656}.Release|Any CPU.ActiveCfg = Release|Any CPU
		{C02DB014-1ABA-4958-BC05-AB18D957E656}.Release|Any CPU.Build.0 = Release|Any CPU
	EndGlobalSection
	GlobalSection(SolutionProperties) = preSolution
		HideSolutionNode = FALSE
	EndGlobalSection
	GlobalSection(NestedProjects) = preSolution
		{CE589F11-439A-41AD-8BB4-86154F1FE779} = {8865871C-BA05-4F5A-885F-411C4D91877E}
		{75B7C6B9-B1F1-4122-92C7-79D4203574F5} = {CE589F11-439A-41AD-8BB4-86154F1FE779}
		{F2171E36-AD5C-4CCC-B1D6-62E9811918AD} = {75B7C6B9-B1F1-4122-92C7-79D4203574F5}
		{AE1D77FB-8BEB-49AF-9178-A516E473754A} = {CE589F11-439A-41AD-8BB4-86154F1FE779}
		{CD949545-5C03-4237-BF8B-D9E7F633393D} = {AE1D77FB-8BEB-49AF-9178-A516E473754A}
		{90D73119-9BEA-41EE-A4E9-7C910091D2A3} = {CD949545-5C03-4237-BF8B-D9E7F633393D}
		{EB1BA11C-014E-4167-8BF6-988E649696EC} = {90D73119-9BEA-41EE-A4E9-7C910091D2A3}
		{857EF4CD-A202-4D91-A34F-667469B1E6C7} = {EB1BA11C-014E-4167-8BF6-988E649696EC}
		{5CCAEB14-4E6B-4AB8-857C-C32483F42EF1} = {857EF4CD-A202-4D91-A34F-667469B1E6C7}
		{943E5258-18CF-4370-8147-329CB0DE1637} = {5CCAEB14-4E6B-4AB8-857C-C32483F42EF1}
		{6C3FC593-182F-4D1C-B273-B77F68147AF7} = {EB1BA11C-014E-4167-8BF6-988E649696EC}
		{AB9A1180-F116-4DE9-AD11-C57680D7BA1B} = {6C3FC593-182F-4D1C-B273-B77F68147AF7}
		{0A621B25-D266-4786-B6CF-047DDB282929} = {AB9A1180-F116-4DE9-AD11-C57680D7BA1B}
		{EE40CF30-87C7-4641-BEDD-4F79F765A89B} = {EB1BA11C-014E-4167-8BF6-988E649696EC}
		{E81BB55C-BD84-462F-BBCC-93627A2725A6} = {EE40CF30-87C7-4641-BEDD-4F79F765A89B}
		{D0227A22-8F59-476C-999A-805521A6520B} = {E81BB55C-BD84-462F-BBCC-93627A2725A6}
		{A408D6E1-A421-4F1B-B40E-00EDF6BBC275} = {EB1BA11C-014E-4167-8BF6-988E649696EC}
		{28FDB945-801B-4883-B6DD-6C00C5A602B0} = {A408D6E1-A421-4F1B-B40E-00EDF6BBC275}
		{5B68DBA5-EE3B-4906-AC6B-4614E4EC4F9F} = {28FDB945-801B-4883-B6DD-6C00C5A602B0}
		{074F1E31-339C-4BAB-A1E3-11193207CC6E} = {EB1BA11C-014E-4167-8BF6-988E649696EC}
		{18CD7958-9F35-4228-9D0F-0AB8FDEBD409} = {074F1E31-339C-4BAB-A1E3-11193207CC6E}
		{D2D240F7-7ED2-4D1C-8632-F22963E044E5} = {18CD7958-9F35-4228-9D0F-0AB8FDEBD409}
		{9D6399F5-6DD8-4F8B-8E10-2BDC02633790} = {CD949545-5C03-4237-BF8B-D9E7F633393D}
		{B9AC3765-313C-4430-BB1E-FD8DDE4D77E7} = {9D6399F5-6DD8-4F8B-8E10-2BDC02633790}
		{18ACA479-CA5B-4B2B-A6F5-15F7508D9059} = {B9AC3765-313C-4430-BB1E-FD8DDE4D77E7}
		{A15F3355-E931-40AF-A387-805078E30FD5} = {18ACA479-CA5B-4B2B-A6F5-15F7508D9059}
		{80334160-B9A2-4261-8B8A-FA558DA9BA26} = {A15F3355-E931-40AF-A387-805078E30FD5}
		{382BABEF-1F11-4F87-B5BD-2365ABA206F9} = {B9AC3765-313C-4430-BB1E-FD8DDE4D77E7}
		{C5F7361C-B048-45C4-AEFB-ED3642DE6B4A} = {382BABEF-1F11-4F87-B5BD-2365ABA206F9}
		{F4B7CF81-8A63-433A-AAD3-AD465E0F2B3C} = {C5F7361C-B048-45C4-AEFB-ED3642DE6B4A}
		{A73CB8BF-E028-4487-ABDD-2898AEE7D304} = {B9AC3765-313C-4430-BB1E-FD8DDE4D77E7}
		{99DC4B84-494F-4A0A-A648-1902ACCA44FC} = {A73CB8BF-E028-4487-ABDD-2898AEE7D304}
		{F05A08CE-85A5-4436-BDBD-56B154D4F1B1} = {99DC4B84-494F-4A0A-A648-1902ACCA44FC}
		{FDF2D160-D8FE-47C0-AD27-87B35A42DC68} = {B9AC3765-313C-4430-BB1E-FD8DDE4D77E7}
		{4F7FB064-A92E-45B5-9D20-461DC58D1D6D} = {FDF2D160-D8FE-47C0-AD27-87B35A42DC68}
		{2B60AF11-DC64-44EF-BA25-4D1F8762331B} = {4F7FB064-A92E-45B5-9D20-461DC58D1D6D}
		{12CDCA92-7E7C-42A9-B51D-89CB282C7A24} = {B9AC3765-313C-4430-BB1E-FD8DDE4D77E7}
		{5CEA4AF3-470C-4CA8-BBD8-FD68F35E3423} = {12CDCA92-7E7C-42A9-B51D-89CB282C7A24}
		{6F9A70BF-632B-4F66-9FE3-78FFA15D9D9A} = {5CEA4AF3-470C-4CA8-BBD8-FD68F35E3423}
		{9C8E488E-49CB-4F5E-8185-4F747363A1E7} = {B9AC3765-313C-4430-BB1E-FD8DDE4D77E7}
		{504DD87D-D3A4-49F1-AD5D-084EC30F9B44} = {9C8E488E-49CB-4F5E-8185-4F747363A1E7}
		{C02DB014-1ABA-4958-BC05-AB18D957E656} = {504DD87D-D3A4-49F1-AD5D-084EC30F9B44}
	EndGlobalSection
	GlobalSection(ExtensibilityGlobals) = postSolution
		SolutionGuid = {1F524E18-3F64-4D63-9E69-98CB6735E9D9}
	EndGlobalSection
EndGlobal
