
Microsoft Visual Studio Solution File, Format Version 12.00
# Visual Studio Version 16
VisualStudioVersion = 16.0.29424.173
MinimumVisualStudioVersion = 10.0.40219.1
Project("{9A19103F-16F7-4668-BE54-9A1E7A4F7556}") = "QueryableEncryption", "QueryableEncryption\QueryableEncryption.csproj", "{BB3F45A1-2591-4E9A-AAB4-CD4B2DE1D665}"
EndProject
Global
	GlobalSection(SolutionConfigurationPlatforms) = preSolution
		Debug|Any CPU = Debug|Any CPU
		Release|Any CPU = Release|Any CPU
	EndGlobalSection
	GlobalSection(ProjectConfigurationPlatforms) = postSolution
		{BB3F45A1-2591-4E9A-AAB4-CD4B2DE1D665}.Debug|Any CPU.ActiveCfg = Debug|Any CPU
		{BB3F45A1-2591-4E9A-AAB4-CD4B2DE1D665}.Debug|Any CPU.Build.0 = Debug|Any CPU
		{BB3F45A1-2591-4E9A-AAB4-CD4B2DE1D665}.Release|Any CPU.ActiveCfg = Release|Any CPU
		{BB3F45A1-2591-4E9A-AAB4-CD4B2DE1D665}.Release|Any CPU.Build.0 = Release|Any CPU
	EndGlobalSection
	GlobalSection(SolutionProperties) = preSolution
		HideSolutionNode = FALSE
	EndGlobalSection
	GlobalSection(ExtensibilityGlobals) = postSolution
		SolutionGuid = {EBFBC79F-4FB9-4693-9777-1722F2A17939}
	EndGlobalSection
EndGlobal
