
Microsoft Visual Studio Solution File, Format Version 12.00
# Visual Studio 15
Project("{FAE04EC0-301F-11D3-BF4B-00C04F79EFBC}") = "Examples", "Examples\Examples.csproj", "{C7CFE106-78AB-4B53-A1F1-1008EAD4FA5C}"
EndProject
Project("{FAE04EC0-301F-11D3-BF4B-00C04F79EFBC}") = "ConsoleTests", "ConsoleTests\ConsoleTests.csproj", "{C810B449-2D7E-4950-8E13-C350C7227CB9}"
EndProject
Project("{FAE04EC0-301F-11D3-BF4B-00C04F79EFBC}") = "LocalOnly", "LocalOnly\LocalOnly.csproj", "{78B0AF83-7F83-40F4-8C4D-74D116048869}"
EndProject
Project("{FAE04EC0-301F-11D3-BF4B-00C04F79EFBC}") = "DataBinding", "DataBinding\DataBinding.csproj", "{83C96193-3704-404B-82A3-48C36C4537E8}"
EndProject
Global
	GlobalSection(SolutionConfigurationPlatforms) = preSolution
		Debug|Any CPU = Debug|Any CPU
		Release|Any CPU = Release|Any CPU
		Debug|iPhoneSimulator = Debug|iPhoneSimulator
		Release|iPhoneSimulator = Release|iPhoneSimulator
		Debug|iPhone = Debug|iPhone
		Release|iPhone = Release|iPhone
	EndGlobalSection
	GlobalSection(ProjectConfigurationPlatforms) = postSolution
		{C7CFE106-78AB-4B53-A1F1-1008EAD4FA5C}.Debug|Any CPU.ActiveCfg = Debug|Any CPU
		{C7CFE106-78AB-4B53-A1F1-1008EAD4FA5C}.Debug|Any CPU.Build.0 = Debug|Any CPU
		{C7CFE106-78AB-4B53-A1F1-1008EAD4FA5C}.Release|Any CPU.ActiveCfg = Release|Any CPU
		{C7CFE106-78AB-4B53-A1F1-1008EAD4FA5C}.Release|Any CPU.Build.0 = Release|Any CPU
		{C7CFE106-78AB-4B53-A1F1-1008EAD4FA5C}.Debug|iPhoneSimulator.ActiveCfg = Debug|Any CPU
		{C7CFE106-78AB-4B53-A1F1-1008EAD4FA5C}.Debug|iPhoneSimulator.Build.0 = Debug|Any CPU
		{C7CFE106-78AB-4B53-A1F1-1008EAD4FA5C}.Release|iPhoneSimulator.ActiveCfg = Release|Any CPU
		{C7CFE106-78AB-4B53-A1F1-1008EAD4FA5C}.Release|iPhoneSimulator.Build.0 = Release|Any CPU
		{C7CFE106-78AB-4B53-A1F1-1008EAD4FA5C}.Debug|iPhone.ActiveCfg = Debug|Any CPU
		{C7CFE106-78AB-4B53-A1F1-1008EAD4FA5C}.Debug|iPhone.Build.0 = Debug|Any CPU
		{C7CFE106-78AB-4B53-A1F1-1008EAD4FA5C}.Release|iPhone.ActiveCfg = Release|Any CPU
		{C7CFE106-78AB-4B53-A1F1-1008EAD4FA5C}.Release|iPhone.Build.0 = Release|Any CPU
		{C810B449-2D7E-4950-8E13-C350C7227CB9}.Debug|Any CPU.ActiveCfg = Debug|Any CPU
		{C810B449-2D7E-4950-8E13-C350C7227CB9}.Debug|Any CPU.Build.0 = Debug|Any CPU
		{C810B449-2D7E-4950-8E13-C350C7227CB9}.Release|Any CPU.ActiveCfg = Release|Any CPU
		{C810B449-2D7E-4950-8E13-C350C7227CB9}.Release|Any CPU.Build.0 = Release|Any CPU
		{C810B449-2D7E-4950-8E13-C350C7227CB9}.Debug|iPhoneSimulator.ActiveCfg = Debug|Any CPU
		{C810B449-2D7E-4950-8E13-C350C7227CB9}.Debug|iPhoneSimulator.Build.0 = Debug|Any CPU
		{C810B449-2D7E-4950-8E13-C350C7227CB9}.Release|iPhoneSimulator.ActiveCfg = Release|Any CPU
		{C810B449-2D7E-4950-8E13-C350C7227CB9}.Release|iPhoneSimulator.Build.0 = Release|Any CPU
		{C810B449-2D7E-4950-8E13-C350C7227CB9}.Debug|iPhone.ActiveCfg = Debug|Any CPU
		{C810B449-2D7E-4950-8E13-C350C7227CB9}.Debug|iPhone.Build.0 = Debug|Any CPU
		{C810B449-2D7E-4950-8E13-C350C7227CB9}.Release|iPhone.ActiveCfg = Release|Any CPU
		{C810B449-2D7E-4950-8E13-C350C7227CB9}.Release|iPhone.Build.0 = Release|Any CPU
		{78B0AF83-7F83-40F4-8C4D-74D116048869}.Debug|Any CPU.ActiveCfg = Debug|Any CPU
		{78B0AF83-7F83-40F4-8C4D-74D116048869}.Debug|Any CPU.Build.0 = Debug|Any CPU
		{78B0AF83-7F83-40F4-8C4D-74D116048869}.Release|Any CPU.ActiveCfg = Release|Any CPU
		{78B0AF83-7F83-40F4-8C4D-74D116048869}.Release|Any CPU.Build.0 = Release|Any CPU
		{78B0AF83-7F83-40F4-8C4D-74D116048869}.Debug|iPhoneSimulator.ActiveCfg = Debug|Any CPU
		{78B0AF83-7F83-40F4-8C4D-74D116048869}.Debug|iPhoneSimulator.Build.0 = Debug|Any CPU
		{78B0AF83-7F83-40F4-8C4D-74D116048869}.Release|iPhoneSimulator.ActiveCfg = Release|Any CPU
		{78B0AF83-7F83-40F4-8C4D-74D116048869}.Release|iPhoneSimulator.Build.0 = Release|Any CPU
		{78B0AF83-7F83-40F4-8C4D-74D116048869}.Debug|iPhone.ActiveCfg = Debug|Any CPU
		{78B0AF83-7F83-40F4-8C4D-74D116048869}.Debug|iPhone.Build.0 = Debug|Any CPU
		{78B0AF83-7F83-40F4-8C4D-74D116048869}.Release|iPhone.ActiveCfg = Release|Any CPU
		{78B0AF83-7F83-40F4-8C4D-74D116048869}.Release|iPhone.Build.0 = Release|Any CPU
		{83C96193-3704-404B-82A3-48C36C4537E8}.Debug|Any CPU.ActiveCfg = Debug|Any CPU
		{83C96193-3704-404B-82A3-48C36C4537E8}.Debug|Any CPU.Build.0 = Debug|Any CPU
		{83C96193-3704-404B-82A3-48C36C4537E8}.Release|Any CPU.ActiveCfg = Release|Any CPU
		{83C96193-3704-404B-82A3-48C36C4537E8}.Release|Any CPU.Build.0 = Release|Any CPU
		{83C96193-3704-404B-82A3-48C36C4537E8}.Debug|iPhoneSimulator.ActiveCfg = Debug|Any CPU
		{83C96193-3704-404B-82A3-48C36C4537E8}.Debug|iPhoneSimulator.Build.0 = Debug|Any CPU
		{83C96193-3704-404B-82A3-48C36C4537E8}.Release|iPhoneSimulator.ActiveCfg = Release|Any CPU
		{83C96193-3704-404B-82A3-48C36C4537E8}.Release|iPhoneSimulator.Build.0 = Release|Any CPU
		{83C96193-3704-404B-82A3-48C36C4537E8}.Debug|iPhone.ActiveCfg = Debug|Any CPU
		{83C96193-3704-404B-82A3-48C36C4537E8}.Debug|iPhone.Build.0 = Debug|Any CPU
		{83C96193-3704-404B-82A3-48C36C4537E8}.Release|iPhone.ActiveCfg = Release|Any CPU
		{83C96193-3704-404B-82A3-48C36C4537E8}.Release|iPhone.Build.0 = Release|Any CPU
	EndGlobalSection
EndGlobal
