
Microsoft Visual Studio Solution File, Format Version 12.00
Project("{FAE04EC0-301F-11D3-BF4B-00C04F79EFBC}") = "Examples", "Examples\Examples.csproj", "{D1D4ACA8-520F-4B09-983D-132861CC8AEB}"
EndProject
Project("{FAE04EC0-301F-11D3-BF4B-00C04F79EFBC}") = "Tests", "Tests\Tests.csproj", "{E1F6E308-2D95-4FBB-8F39-214C70889A3D}"
EndProject
Global
	GlobalSection(SolutionConfigurationPlatforms) = preSolution
		Debug|Any CPU = Debug|Any CPU
		Release|Any CPU = Release|Any CPU
	EndGlobalSection
	GlobalSection(ProjectConfigurationPlatforms) = postSolution
		{D1D4ACA8-520F-4B09-983D-132861CC8AEB}.Debug|Any CPU.ActiveCfg = Debug|Any CPU
		{D1D4ACA8-520F-4B09-983D-132861CC8AEB}.Debug|Any CPU.Build.0 = Debug|Any CPU
		{D1D4ACA8-520F-4B09-983D-132861CC8AEB}.Release|Any CPU.ActiveCfg = Release|Any CPU
		{D1D4ACA8-520F-4B09-983D-132861CC8AEB}.Release|Any CPU.Build.0 = Release|Any CPU
		{E1F6E308-2D95-4FBB-8F39-214C70889A3D}.Debug|Any CPU.ActiveCfg = Debug|Any CPU
		{E1F6E308-2D95-4FBB-8F39-214C70889A3D}.Debug|Any CPU.Build.0 = Debug|Any CPU
		{E1F6E308-2D95-4FBB-8F39-214C70889A3D}.Release|Any CPU.ActiveCfg = Release|Any CPU
		{E1F6E308-2D95-4FBB-8F39-214C70889A3D}.Release|Any CPU.Build.0 = Release|Any CPU
	EndGlobalSection
EndGlobal
