spec:
  configuration:
    mms.ignoreInitialUiSetup: "true"
    automation.versions.source: "remote"
    mms.adminEmailAddr: cloud-manager-support@mongodb.com
    mms.fromEmailAddr: cloud-manager-support@mongodb.com
    mms.mail.hostname: email-smtp.us-east-1.amazonaws.com
    mms.mail.port: "465"
    mms.mail.ssl: "true"
    mms.mail.transport: smtp
    mms.minimumTLSVersion: TLSv1.2
    mms.replyToEmailAddr: cloud-manager-support@mongodb.com
