// !$*UTF8*$!
{
	archiveVersion = 1;
	classes = {
	};
	objectVersion = 55;
	objects = {

/* Begin PBXBuildFile section */
		228B6F9226166ED10075A6E0 /* Errors.swift in Sources */ = {isa = PBXBuildFile; fileRef = 228B6F9026166ED10075A6E0 /* Errors.swift */; };
		228B6F9326166ED10075A6E0 /* Errors.m in Sources */ = {isa = PBXBuildFile; fileRef = 228B6F9126166ED10075A6E0 /* Errors.m */; };
		4803B327251068F800CCAF97 /* AppDelegate.swift in Sources */ = {isa = PBXBuildFile; fileRef = 4803B326251068F800CCAF97 /* AppDelegate.swift */; };
		4803B329251068F800CCAF97 /* SceneDelegate.swift in Sources */ = {isa = PBXBuildFile; fileRef = 4803B328251068F800CCAF97 /* SceneDelegate.swift */; };
		4803B32B251068F800CCAF97 /* ContentView.swift in Sources */ = {isa = PBXBuildFile; fileRef = 4803B32A251068F800CCAF97 /* ContentView.swift */; };
		4803B32D251068F900CCAF97 /* Assets.xcassets in Resources */ = {isa = PBXBuildFile; fileRef = 4803B32C251068F900CCAF97 /* Assets.xcassets */; };
		4803B330251068F900CCAF97 /* Preview Assets.xcassets in Resources */ = {isa = PBXBuildFile; fileRef = 4803B32F251068F900CCAF97 /* Preview Assets.xcassets */; };
		4803B333251068F900CCAF97 /* LaunchScreen.storyboard in Resources */ = {isa = PBXBuildFile; fileRef = 4803B331251068F900CCAF97 /* LaunchScreen.storyboard */; };
		4813483025C21948006209FC /* Notifications.m in Sources */ = {isa = PBXBuildFile; fileRef = 4813482F25C21948006209FC /* Notifications.m */; };
		4813483B25C244CA006209FC /* (null) in Sources */ = {isa = PBXBuildFile; };
		4815C5FD25C324F20014538D /* (null) in Sources */ = {isa = PBXBuildFile; };
		482A85942576DC3400BA8700 /* QueryEngine.swift in Sources */ = {isa = PBXBuildFile; fileRef = 482A85932576DC3400BA8700 /* QueryEngine.swift */; };
		482A859C2576E34300BA8700 /* QueryEngine.m in Sources */ = {isa = PBXBuildFile; fileRef = 482A859B2576E34300BA8700 /* QueryEngine.m */; };
		4834235C25D6E0CB002CE6B0 /* Functions.m in Sources */ = {isa = PBXBuildFile; fileRef = 4834235B25D6E0CB002CE6B0 /* Functions.m */; };
		4847120225891A3B004BD6EF /* ReadWriteData.m in Sources */ = {isa = PBXBuildFile; fileRef = 4847120125891A3B004BD6EF /* ReadWriteData.m */; };
		485C5D0B258A71200069AAE8 /* Encrypt.swift in Sources */ = {isa = PBXBuildFile; fileRef = 485C5D0A258A71200069AAE8 /* Encrypt.swift */; };
		485C5D10258A9BDF0069AAE8 /* Encrypt.m in Sources */ = {isa = PBXBuildFile; fileRef = 485C5D0F258A9BDF0069AAE8 /* Encrypt.m */; };
		48637F4F25C8B8EC002209AF /* Migrations.m in Sources */ = {isa = PBXBuildFile; fileRef = 48637F4E25C8B8EC002209AF /* Migrations.m */; };
		4870F8A52593EE91004FF76D /* Relationships.swift in Sources */ = {isa = PBXBuildFile; fileRef = 4870F8A42593EE91004FF76D /* Relationships.swift */; };
		4870F8AA2593F56B004FF76D /* Notifications.swift in Sources */ = {isa = PBXBuildFile; fileRef = 4870F8A92593F56B004FF76D /* Notifications.swift */; };
		487F77C3253F94C000BDC8CE /* OpenCloseRealm.swift in Sources */ = {isa = PBXBuildFile; fileRef = 487F77C2253F94C000BDC8CE /* OpenCloseRealm.swift */; };
		48924B8A2514EAD900CC9567 /* MultipleUsers.swift in Sources */ = {isa = PBXBuildFile; fileRef = 48924B892514EAD900CC9567 /* MultipleUsers.swift */; };
		48924B8C2514FEFC00CC9567 /* TestSetup.swift in Sources */ = {isa = PBXBuildFile; fileRef = 48924B8B2514FEFC00CC9567 /* TestSetup.swift */; };
		48924BBB2515309F00CC9567 /* MultipleUsers.m in Sources */ = {isa = PBXBuildFile; fileRef = 48924BBA2515309F00CC9567 /* MultipleUsers.m */; };
		48944D8B25BF7BCA0092B8AC /* ObjectModels.swift in Sources */ = {isa = PBXBuildFile; fileRef = 48944D8A25BF7BCA0092B8AC /* ObjectModels.swift */; };
		48944D9025C08D500092B8AC /* ObjectModels.m in Sources */ = {isa = PBXBuildFile; fileRef = 48944D8F25C08D500092B8AC /* ObjectModels.m */; };
		48944D9825C0BD520092B8AC /* Relationships.m in Sources */ = {isa = PBXBuildFile; fileRef = 48944D9725C0BD520092B8AC /* Relationships.m */; };
		48944DA025C0E79C0092B8AC /* EmbeddedObjects.m in Sources */ = {isa = PBXBuildFile; fileRef = 48944D9F25C0E79C0092B8AC /* EmbeddedObjects.m */; };
		4896EE55251051A600D1FABF /* ExampleSwiftTestCase.swift in Sources */ = {isa = PBXBuildFile; fileRef = 4896EE54251051A600D1FABF /* ExampleSwiftTestCase.swift */; };
		4896EE58251051C800D1FABF /* ExampleObjcTestCase.m in Sources */ = {isa = PBXBuildFile; fileRef = 4896EE57251051C800D1FABF /* ExampleObjcTestCase.m */; };
		4898DDB025A3768600416375 /* Threading.swift in Sources */ = {isa = PBXBuildFile; fileRef = 4898DDAF25A3768600416375 /* Threading.swift */; };
		48BD8FE72580017D009DE2E6 /* OpenCloseRealm.m in Sources */ = {isa = PBXBuildFile; fileRef = 48BD8FE62580017D009DE2E6 /* OpenCloseRealm.m */; };
		48BD8FEC25800AA3009DE2E6 /* AnonymouslyLoggedInTestCase.m in Sources */ = {isa = PBXBuildFile; fileRef = 48BD8FEB25800AA3009DE2E6 /* AnonymouslyLoggedInTestCase.m */; };
		48BF34182511095C004139AF /* RealmApp.swift in Sources */ = {isa = PBXBuildFile; fileRef = 48BF34172511095C004139AF /* RealmApp.swift */; };
		48BF341F251129AD004139AF /* MyRealmApp.m in Sources */ = {isa = PBXBuildFile; fileRef = 48BF341E251129AD004139AF /* MyRealmApp.m */; };
		48C072042511B5D5004B02BB /* ManageEmailPasswordUsers.swift in Sources */ = {isa = PBXBuildFile; fileRef = 48C072032511B5D5004B02BB /* ManageEmailPasswordUsers.swift */; };
		48C072062511B6DB004B02BB /* ManageEmailPasswordUsers.m in Sources */ = {isa = PBXBuildFile; fileRef = 48C072052511B6DB004B02BB /* ManageEmailPasswordUsers.m */; };
		48C5BC3225A4CDE70004DA3D /* Migrations.swift in Sources */ = {isa = PBXBuildFile; fileRef = 48C5BC3125A4CDE70004DA3D /* Migrations.swift */; };
		48E63FB8252646A700F883B1 /* Authenticate.swift in Sources */ = {isa = PBXBuildFile; fileRef = 48E63FB7252646A700F883B1 /* Authenticate.swift */; };
		48F38B522527843B00DDEB65 /* CustomUserData.swift in Sources */ = {isa = PBXBuildFile; fileRef = 48F38B512527843B00DDEB65 /* CustomUserData.swift */; };
		48F38B5425278ECB00DDEB65 /* CustomUserData.m in Sources */ = {isa = PBXBuildFile; fileRef = 48F38B5325278ECB00DDEB65 /* CustomUserData.m */; };
		48F38B562527926500DDEB65 /* Functions.swift in Sources */ = {isa = PBXBuildFile; fileRef = 48F38B552527926500DDEB65 /* Functions.swift */; };
		48F38B58252793F600DDEB65 /* ManageApiKeys.swift in Sources */ = {isa = PBXBuildFile; fileRef = 48F38B57252793F600DDEB65 /* ManageApiKeys.swift */; };
		48F38B5A252794B300DDEB65 /* AnonymouslyLoggedInTestCase.swift in Sources */ = {isa = PBXBuildFile; fileRef = 48F38B59252794B300DDEB65 /* AnonymouslyLoggedInTestCase.swift */; };
		48F38B5C2527A3FE00DDEB65 /* ManageApiKeys.m in Sources */ = {isa = PBXBuildFile; fileRef = 48F38B5B2527A3FE00DDEB65 /* ManageApiKeys.m */; };
		9107C21328D35EA600E9EAF7 /* AsymmetricSync.swift in Sources */ = {isa = PBXBuildFile; fileRef = 9107C21228D35EA600E9EAF7 /* AsymmetricSync.swift */; };
		911366EB27BC0C6100DF865D /* ConvertSyncLocalRealms.swift in Sources */ = {isa = PBXBuildFile; fileRef = 911366EA27BC0C6100DF865D /* ConvertSyncLocalRealms.swift */; };
		9119CCC32B61C63700220A98 /* Geospatial.swift in Sources */ = {isa = PBXBuildFile; fileRef = 9119CCC22B61C63700220A98 /* Geospatial.swift */; };
		912ACA7B28415292006CDDD8 /* SwiftUIFlexSyncExampleApp.swift in Sources */ = {isa = PBXBuildFile; fileRef = 912ACA7A28415292006CDDD8 /* SwiftUIFlexSyncExampleApp.swift */; };
		912ACA7F28415294006CDDD8 /* Assets.xcassets in Resources */ = {isa = PBXBuildFile; fileRef = 912ACA7E28415294006CDDD8 /* Assets.xcassets */; };
		912ACA8228415294006CDDD8 /* Preview Assets.xcassets in Resources */ = {isa = PBXBuildFile; fileRef = 912ACA8128415294006CDDD8 /* Preview Assets.xcassets */; };
		9143E95327EB79BD0082A5D6 /* GoogleSignIn in Frameworks */ = {isa = PBXBuildFile; productRef = 9143E95227EB79BD0082A5D6 /* GoogleSignIn */; };
		914601F626A86B9100BC91EA /* Sync.m in Sources */ = {isa = PBXBuildFile; fileRef = 914601F426A86B9000BC91EA /* Sync.m */; };
		914601F726A86B9100BC91EA /* Sync.swift in Sources */ = {isa = PBXBuildFile; fileRef = 914601F526A86B9000BC91EA /* Sync.swift */; };
		914AC1BD28A3EAE00005E3C3 /* QuickStartFlexSync.swift in Sources */ = {isa = PBXBuildFile; fileRef = 914AC1BC28A3EAE00005E3C3 /* QuickStartFlexSync.swift */; };
		914E8AD827F4C08100B8591D /* ClientReset.swift in Sources */ = {isa = PBXBuildFile; fileRef = 914E8AD727F4C08100B8591D /* ClientReset.swift */; };
		91508B792BE57F3F00817DBC /* RealmSwift in Frameworks */ = {isa = PBXBuildFile; productRef = 91508B782BE57F3F00817DBC /* RealmSwift */; };
		9157C1BC2AD059FF0059281A /* SyncTestUtils.swift in Sources */ = {isa = PBXBuildFile; fileRef = 9157C1BB2AD059FF0059281A /* SyncTestUtils.swift */; };
		915B8EE529258B4300150F01 /* CreateObjects.swift in Sources */ = {isa = PBXBuildFile; fileRef = 915B8EE429258B4300150F01 /* CreateObjects.swift */; };
		915B8EE629258B4300150F01 /* CreateObjects.swift in Sources */ = {isa = PBXBuildFile; fileRef = 915B8EE429258B4300150F01 /* CreateObjects.swift */; };
		915B8EF929267CC100150F01 /* SwiftUI.swift in Sources */ = {isa = PBXBuildFile; fileRef = 915B8EF829267CC100150F01 /* SwiftUI.swift */; };
		915C666A27B41B0900E7BDB4 /* BundleRealms.swift in Sources */ = {isa = PBXBuildFile; fileRef = 915C666927B41B0900E7BDB4 /* BundleRealms.swift */; };
		915C667427BAADA100E7BDB4 /* seed.realm in Resources */ = {isa = PBXBuildFile; fileRef = 915C667327BAADA100E7BDB4 /* seed.realm */; };
		915C667527BAADA100E7BDB4 /* seed.realm in Resources */ = {isa = PBXBuildFile; fileRef = 915C667327BAADA100E7BDB4 /* seed.realm */; };
		916AC598273036C100270C64 /* ClassProjection.swift in Sources */ = {isa = PBXBuildFile; fileRef = 916AC597273036C100270C64 /* ClassProjection.swift */; };
		916E7D4328B5693100758A85 /* Previews.swift in Sources */ = {isa = PBXBuildFile; fileRef = 916E7D4228B5693100758A85 /* Previews.swift */; };
		916E7D4428B5693100758A85 /* Previews.swift in Sources */ = {isa = PBXBuildFile; fileRef = 916E7D4228B5693100758A85 /* Previews.swift */; };
		916E7D4628B57B6B00758A85 /* FilterData.swift in Sources */ = {isa = PBXBuildFile; fileRef = 916E7D4528B57B6B00758A85 /* FilterData.swift */; };
		916E7D4728B57B6B00758A85 /* FilterData.swift in Sources */ = {isa = PBXBuildFile; fileRef = 916E7D4528B57B6B00758A85 /* FilterData.swift */; };
		916E7D4928B5863A00758A85 /* QuickWrite.swift in Sources */ = {isa = PBXBuildFile; fileRef = 916E7D4828B5863A00758A85 /* QuickWrite.swift */; };
		916E7D4A28B5863A00758A85 /* QuickWrite.swift in Sources */ = {isa = PBXBuildFile; fileRef = 916E7D4828B5863A00758A85 /* QuickWrite.swift */; };
		917097DA279F182600F1D65B /* FlexibleSync.swift in Sources */ = {isa = PBXBuildFile; fileRef = 917097D9279F182600F1D65B /* FlexibleSync.swift */; };
		91713AFC28AC3D8200519F9D /* SwiftUICatalogApp.swift in Sources */ = {isa = PBXBuildFile; fileRef = 91713AFB28AC3D8200519F9D /* SwiftUICatalogApp.swift */; };
		91713B0028AC3D8300519F9D /* Assets.xcassets in Resources */ = {isa = PBXBuildFile; fileRef = 91713AFF28AC3D8300519F9D /* Assets.xcassets */; };
		91713B0328AC3D8300519F9D /* Preview Assets.xcassets in Resources */ = {isa = PBXBuildFile; fileRef = 91713B0228AC3D8300519F9D /* Preview Assets.xcassets */; };
		91713B1728AC3D8400519F9D /* SwiftUICatalogUITests.swift in Sources */ = {isa = PBXBuildFile; fileRef = 91713B1628AC3D8400519F9D /* SwiftUICatalogUITests.swift */; };
		91713B2528AC3DF300519F9D /* OpenRealm.swift in Sources */ = {isa = PBXBuildFile; fileRef = 91713B2428AC3DF300519F9D /* OpenRealm.swift */; };
		91713B2728AC3DF300519F9D /* OpenRealm.swift in Sources */ = {isa = PBXBuildFile; fileRef = 91713B2428AC3DF300519F9D /* OpenRealm.swift */; };
		91713B3128AC41B700519F9D /* Authenticate.swift in Sources */ = {isa = PBXBuildFile; fileRef = 91713B3028AC41B700519F9D /* Authenticate.swift */; };
		91713B3328AC41B700519F9D /* Authenticate.swift in Sources */ = {isa = PBXBuildFile; fileRef = 91713B3028AC41B700519F9D /* Authenticate.swift */; };
		91713B3528AD2B0E00519F9D /* PassObjectsToView.swift in Sources */ = {isa = PBXBuildFile; fileRef = 91713B3428AD2B0E00519F9D /* PassObjectsToView.swift */; };
		91713B3728AD2B0E00519F9D /* PassObjectsToView.swift in Sources */ = {isa = PBXBuildFile; fileRef = 91713B3428AD2B0E00519F9D /* PassObjectsToView.swift */; };
		91713B3928AD2B3500519F9D /* Model.swift in Sources */ = {isa = PBXBuildFile; fileRef = 91713B3828AD2B3500519F9D /* Model.swift */; };
		91713B3B28AD2B3500519F9D /* Model.swift in Sources */ = {isa = PBXBuildFile; fileRef = 91713B3828AD2B3500519F9D /* Model.swift */; };
		91787E5429E594C100296021 /* RealmActor.swift in Sources */ = {isa = PBXBuildFile; fileRef = 91787E5329E594C100296021 /* RealmActor.swift */; };
		917C6E662A8E638F00EC3079 /* SupportedTypes.swift in Sources */ = {isa = PBXBuildFile; fileRef = 917C6E652A8E638F00EC3079 /* SupportedTypes.swift */; };
		917C6E682A8E63E900EC3079 /* SupportedTypes.m in Sources */ = {isa = PBXBuildFile; fileRef = 917C6E672A8E63E900EC3079 /* SupportedTypes.m */; };
		917CA79627ECADC200F9BDDC /* FacebookCore in Frameworks */ = {isa = PBXBuildFile; productRef = 917CA79527ECADC200F9BDDC /* FacebookCore */; };
		917CA79827ECADC200F9BDDC /* FacebookLogin in Frameworks */ = {isa = PBXBuildFile; productRef = 917CA79727ECADC200F9BDDC /* FacebookLogin */; };
		917CA79B27ECB36700F9BDDC /* FacebookCore in Frameworks */ = {isa = PBXBuildFile; productRef = 917CA79A27ECB36700F9BDDC /* FacebookCore */; };
		917CA79D27ECB36700F9BDDC /* FacebookLogin in Frameworks */ = {isa = PBXBuildFile; productRef = 917CA79C27ECB36700F9BDDC /* FacebookLogin */; };
		917D8C9F26167B69001B7A61 /* TestingAndDebugging.swift in Sources */ = {isa = PBXBuildFile; fileRef = 917D8C9E26167B69001B7A61 /* TestingAndDebugging.swift */; };
		917E73E726B8A9F80068242A /* MongoDBRemoteAccess.swift in Sources */ = {isa = PBXBuildFile; fileRef = 917E73E526B8A9F80068242A /* MongoDBRemoteAccess.swift */; };
		917E73E826B8A9F80068242A /* MongoDBRemoteAccessAggregate.swift in Sources */ = {isa = PBXBuildFile; fileRef = 917E73E626B8A9F80068242A /* MongoDBRemoteAccessAggregate.swift */; };
		9185DB1925E82C0300AF1389 /* LocalOnlyCompleteQuickStart.swift in Sources */ = {isa = PBXBuildFile; fileRef = 9185DB1825E82C0300AF1389 /* LocalOnlyCompleteQuickStart.swift */; };
		918F1FD62BF7C32E00F43489 /* RealmSwift in Frameworks */ = {isa = PBXBuildFile; productRef = 918F1FD52BF7C32E00F43489 /* RealmSwift */; };
		918F1FD82BF7C32E00F43489 /* RealmSwift in Embed Frameworks */ = {isa = PBXBuildFile; productRef = 918F1FD52BF7C32E00F43489 /* RealmSwift */; settings = {ATTRIBUTES = (CodeSignOnCopy, ); }; };
		918F1FDA2BF7C3D100F43489 /* RealmSwift in Frameworks */ = {isa = PBXBuildFile; productRef = 918F1FD92BF7C3D100F43489 /* RealmSwift */; };
		918F1FDC2BF7C3D100F43489 /* RealmSwift in Embed Frameworks */ = {isa = PBXBuildFile; productRef = 918F1FD92BF7C3D100F43489 /* RealmSwift */; settings = {ATTRIBUTES = (CodeSignOnCopy, ); }; };
		91AB031428981BF700A272E8 /* DeleteRealmFiles.swift in Sources */ = {isa = PBXBuildFile; fileRef = 91AB031328981BF700A272E8 /* DeleteRealmFiles.swift */; };
		91AB0316289965F800A272E8 /* CreateRealmObjects.swift in Sources */ = {isa = PBXBuildFile; fileRef = 91AB0315289965F800A272E8 /* CreateRealmObjects.swift */; };
		91AB03182899660A00A272E8 /* ReadRealmObjects.swift in Sources */ = {isa = PBXBuildFile; fileRef = 91AB03172899660A00A272E8 /* ReadRealmObjects.swift */; };
		91AB031A2899662100A272E8 /* UpdateRealmObjects.swift in Sources */ = {isa = PBXBuildFile; fileRef = 91AB03192899662100A272E8 /* UpdateRealmObjects.swift */; };
		91AB031C2899663600A272E8 /* DeleteRealmObjects.swift in Sources */ = {isa = PBXBuildFile; fileRef = 91AB031B2899663600A272E8 /* DeleteRealmObjects.swift */; };
		91AB031E289B1E9700A272E8 /* AddSyncToApp.swift in Sources */ = {isa = PBXBuildFile; fileRef = 91AB031D289B1E9700A272E8 /* AddSyncToApp.swift */; };
		91AE237728AFC7A40027C3AC /* SyncOrLocalRealm.swift in Sources */ = {isa = PBXBuildFile; fileRef = 91AE237628AFC7A40027C3AC /* SyncOrLocalRealm.swift */; };
		91AE237828AFC7A40027C3AC /* SyncOrLocalRealm.swift in Sources */ = {isa = PBXBuildFile; fileRef = 91AE237628AFC7A40027C3AC /* SyncOrLocalRealm.swift */; };
		91B4EBA32982CC4F0015FD7B /* HandleSyncErrors.swift in Sources */ = {isa = PBXBuildFile; fileRef = 91B4EBA22982CC4F0015FD7B /* HandleSyncErrors.swift */; };
		91B8A4D6278E24950018F72F /* TypeProjection.swift in Sources */ = {isa = PBXBuildFile; fileRef = 91B8A4D5278E24950018F72F /* TypeProjection.swift */; };
		91CEF5FE260E308100A029E0 /* Compacting.swift in Sources */ = {isa = PBXBuildFile; fileRef = 91CEF5FD260E308100A029E0 /* Compacting.swift */; };
		91CEF606260E325000A029E0 /* Compacting.m in Sources */ = {isa = PBXBuildFile; fileRef = 91CEF605260E325000A029E0 /* Compacting.m */; };
		91D5420C28E72C33005F8220 /* SectionedResults.swift in Sources */ = {isa = PBXBuildFile; fileRef = 91D5420B28E72C33005F8220 /* SectionedResults.swift */; };
		91D5420D28E72C33005F8220 /* SectionedResults.swift in Sources */ = {isa = PBXBuildFile; fileRef = 91D5420B28E72C33005F8220 /* SectionedResults.swift */; };
		91E5C80128256C6D00AAA239 /* EventLibrary.swift in Sources */ = {isa = PBXBuildFile; fileRef = 91E5C80028256C6D00AAA239 /* EventLibrary.swift */; };
		91E608AD296E114500F84EA5 /* SyncedRealmCRUD.swift in Sources */ = {isa = PBXBuildFile; fileRef = 91E608AC296E114500F84EA5 /* SyncedRealmCRUD.swift */; };
		91F046992A29299A000B43B2 /* Logging.swift in Sources */ = {isa = PBXBuildFile; fileRef = 91F046982A29299A000B43B2 /* Logging.swift */; };
		91FBD320279865080005C10C /* DeleteUsers.swift in Sources */ = {isa = PBXBuildFile; fileRef = 91FBD31F279865080005C10C /* DeleteUsers.swift */; };
/* End PBXBuildFile section */

/* Begin PBXContainerItemProxy section */
		4803B338251068FC00CCAF97 /* PBXContainerItemProxy */ = {
			isa = PBXContainerItemProxy;
			containerPortal = 48DBFACE25101C3100391E2B /* Project object */;
			proxyType = 1;
			remoteGlobalIDString = 4803B323251068F800CCAF97;
			remoteInfo = App;
		};
		91713B1328AC3D8400519F9D /* PBXContainerItemProxy */ = {
			isa = PBXContainerItemProxy;
			containerPortal = 48DBFACE25101C3100391E2B /* Project object */;
			proxyType = 1;
			remoteGlobalIDString = 91713AF828AC3D8200519F9D;
			remoteInfo = SwiftUICatalog;
		};
/* End PBXContainerItemProxy section */

/* Begin PBXCopyFilesBuildPhase section */
		918F1FD72BF7C32E00F43489 /* Embed Frameworks */ = {
			isa = PBXCopyFilesBuildPhase;
			buildActionMask = 2147483647;
			dstPath = "";
			dstSubfolderSpec = 10;
			files = (
				918F1FD82BF7C32E00F43489 /* RealmSwift in Embed Frameworks */,
			);
			name = "Embed Frameworks";
			runOnlyForDeploymentPostprocessing = 0;
		};
		918F1FDB2BF7C3D100F43489 /* Embed Frameworks */ = {
			isa = PBXCopyFilesBuildPhase;
			buildActionMask = 2147483647;
			dstPath = "";
			dstSubfolderSpec = 10;
			files = (
				918F1FDC2BF7C3D100F43489 /* RealmSwift in Embed Frameworks */,
			);
			name = "Embed Frameworks";
			runOnlyForDeploymentPostprocessing = 0;
		};
		91F04E9B2BE290A80082EB2B /* Embed Frameworks */ = {
			isa = PBXCopyFilesBuildPhase;
			buildActionMask = 2147483647;
			dstPath = "";
			dstSubfolderSpec = 10;
			files = (
			);
			name = "Embed Frameworks";
			runOnlyForDeploymentPostprocessing = 0;
		};
/* End PBXCopyFilesBuildPhase section */

/* Begin PBXFileReference section */
		228B6F9026166ED10075A6E0 /* Errors.swift */ = {isa = PBXFileReference; fileEncoding = 4; lastKnownFileType = sourcecode.swift; path = Errors.swift; sourceTree = "<group>"; };
		228B6F9126166ED10075A6E0 /* Errors.m */ = {isa = PBXFileReference; fileEncoding = 4; lastKnownFileType = sourcecode.c.objc; path = Errors.m; sourceTree = "<group>"; };
		4803B324251068F800CCAF97 /* RealmExamplesHostApp.app */ = {isa = PBXFileReference; explicitFileType = wrapper.application; includeInIndex = 0; path = RealmExamplesHostApp.app; sourceTree = BUILT_PRODUCTS_DIR; };
		4803B326251068F800CCAF97 /* AppDelegate.swift */ = {isa = PBXFileReference; lastKnownFileType = sourcecode.swift; path = AppDelegate.swift; sourceTree = "<group>"; };
		4803B328251068F800CCAF97 /* SceneDelegate.swift */ = {isa = PBXFileReference; lastKnownFileType = sourcecode.swift; path = SceneDelegate.swift; sourceTree = "<group>"; };
		4803B32A251068F800CCAF97 /* ContentView.swift */ = {isa = PBXFileReference; lastKnownFileType = sourcecode.swift; path = ContentView.swift; sourceTree = "<group>"; };
		4803B32C251068F900CCAF97 /* Assets.xcassets */ = {isa = PBXFileReference; lastKnownFileType = folder.assetcatalog; path = Assets.xcassets; sourceTree = "<group>"; };
		4803B32F251068F900CCAF97 /* Preview Assets.xcassets */ = {isa = PBXFileReference; lastKnownFileType = folder.assetcatalog; path = "Preview Assets.xcassets"; sourceTree = "<group>"; };
		4803B332251068F900CCAF97 /* Base */ = {isa = PBXFileReference; lastKnownFileType = file.storyboard; name = Base; path = Base.lproj/LaunchScreen.storyboard; sourceTree = "<group>"; };
		4803B334251068F900CCAF97 /* Info.plist */ = {isa = PBXFileReference; lastKnownFileType = text.plist.xml; path = Info.plist; sourceTree = "<group>"; };
		4813482F25C21948006209FC /* Notifications.m */ = {isa = PBXFileReference; lastKnownFileType = sourcecode.c.objc; path = Notifications.m; sourceTree = "<group>"; };
		482A85932576DC3400BA8700 /* QueryEngine.swift */ = {isa = PBXFileReference; lastKnownFileType = sourcecode.swift; path = QueryEngine.swift; sourceTree = "<group>"; };
		482A859B2576E34300BA8700 /* QueryEngine.m */ = {isa = PBXFileReference; lastKnownFileType = sourcecode.c.objc; path = QueryEngine.m; sourceTree = "<group>"; };
		4834235B25D6E0CB002CE6B0 /* Functions.m */ = {isa = PBXFileReference; lastKnownFileType = sourcecode.c.objc; path = Functions.m; sourceTree = "<group>"; };
		4847120125891A3B004BD6EF /* ReadWriteData.m */ = {isa = PBXFileReference; lastKnownFileType = sourcecode.c.objc; path = ReadWriteData.m; sourceTree = "<group>"; };
		485C5D0A258A71200069AAE8 /* Encrypt.swift */ = {isa = PBXFileReference; lastKnownFileType = sourcecode.swift; path = Encrypt.swift; sourceTree = "<group>"; };
		485C5D0F258A9BDF0069AAE8 /* Encrypt.m */ = {isa = PBXFileReference; lastKnownFileType = sourcecode.c.objc; path = Encrypt.m; sourceTree = "<group>"; };
		48637F4E25C8B8EC002209AF /* Migrations.m */ = {isa = PBXFileReference; lastKnownFileType = sourcecode.c.objc; path = Migrations.m; sourceTree = "<group>"; };
		4870F8A42593EE91004FF76D /* Relationships.swift */ = {isa = PBXFileReference; lastKnownFileType = sourcecode.swift; path = Relationships.swift; sourceTree = "<group>"; };
		4870F8A92593F56B004FF76D /* Notifications.swift */ = {isa = PBXFileReference; lastKnownFileType = sourcecode.swift; path = Notifications.swift; sourceTree = "<group>"; };
		487F77C2253F94C000BDC8CE /* OpenCloseRealm.swift */ = {isa = PBXFileReference; lastKnownFileType = sourcecode.swift; path = OpenCloseRealm.swift; sourceTree = "<group>"; };
		48924B892514EAD900CC9567 /* MultipleUsers.swift */ = {isa = PBXFileReference; lastKnownFileType = sourcecode.swift; path = MultipleUsers.swift; sourceTree = "<group>"; };
		48924B8B2514FEFC00CC9567 /* TestSetup.swift */ = {isa = PBXFileReference; lastKnownFileType = sourcecode.swift; path = TestSetup.swift; sourceTree = "<group>"; };
		48924B972515008100CC9567 /* Info.plist */ = {isa = PBXFileReference; lastKnownFileType = text.plist.xml; path = Info.plist; sourceTree = "<group>"; };
		48924BBA2515309F00CC9567 /* MultipleUsers.m */ = {isa = PBXFileReference; lastKnownFileType = sourcecode.c.objc; path = MultipleUsers.m; sourceTree = "<group>"; };
		48944D8A25BF7BCA0092B8AC /* ObjectModels.swift */ = {isa = PBXFileReference; lastKnownFileType = sourcecode.swift; path = ObjectModels.swift; sourceTree = "<group>"; };
		48944D8F25C08D500092B8AC /* ObjectModels.m */ = {isa = PBXFileReference; lastKnownFileType = sourcecode.c.objc; path = ObjectModels.m; sourceTree = "<group>"; };
		48944D9725C0BD520092B8AC /* Relationships.m */ = {isa = PBXFileReference; lastKnownFileType = sourcecode.c.objc; path = Relationships.m; sourceTree = "<group>"; };
		48944D9F25C0E79C0092B8AC /* EmbeddedObjects.m */ = {isa = PBXFileReference; lastKnownFileType = sourcecode.c.objc; path = EmbeddedObjects.m; sourceTree = "<group>"; };
		4896EE4C2510514B00D1FABF /* RealmExamples.xctest */ = {isa = PBXFileReference; explicitFileType = wrapper.cfbundle; includeInIndex = 0; path = RealmExamples.xctest; sourceTree = BUILT_PRODUCTS_DIR; };
		4896EE54251051A600D1FABF /* ExampleSwiftTestCase.swift */ = {isa = PBXFileReference; lastKnownFileType = sourcecode.swift; path = ExampleSwiftTestCase.swift; sourceTree = "<group>"; };
		4896EE57251051C800D1FABF /* ExampleObjcTestCase.m */ = {isa = PBXFileReference; lastKnownFileType = sourcecode.c.objc; path = ExampleObjcTestCase.m; sourceTree = "<group>"; };
		4898DDAF25A3768600416375 /* Threading.swift */ = {isa = PBXFileReference; lastKnownFileType = sourcecode.swift; path = Threading.swift; sourceTree = "<group>"; };
		48BD8FE62580017D009DE2E6 /* OpenCloseRealm.m */ = {isa = PBXFileReference; lastKnownFileType = sourcecode.c.objc; path = OpenCloseRealm.m; sourceTree = "<group>"; };
		48BD8FEB25800AA3009DE2E6 /* AnonymouslyLoggedInTestCase.m */ = {isa = PBXFileReference; lastKnownFileType = sourcecode.c.objc; path = AnonymouslyLoggedInTestCase.m; sourceTree = "<group>"; };
		48BD8FF025800B4D009DE2E6 /* AnonymouslyLoggedInTestCase.h */ = {isa = PBXFileReference; lastKnownFileType = sourcecode.c.h; path = AnonymouslyLoggedInTestCase.h; sourceTree = "<group>"; };
		48BF34172511095C004139AF /* RealmApp.swift */ = {isa = PBXFileReference; lastKnownFileType = sourcecode.swift; path = RealmApp.swift; sourceTree = "<group>"; };
		48BF341E251129AD004139AF /* MyRealmApp.m */ = {isa = PBXFileReference; lastKnownFileType = sourcecode.c.objc; path = MyRealmApp.m; sourceTree = "<group>"; };
		48BF342025112A7F004139AF /* MyRealmApp.h */ = {isa = PBXFileReference; lastKnownFileType = sourcecode.c.h; path = MyRealmApp.h; sourceTree = "<group>"; };
		48C072032511B5D5004B02BB /* ManageEmailPasswordUsers.swift */ = {isa = PBXFileReference; lastKnownFileType = sourcecode.swift; path = ManageEmailPasswordUsers.swift; sourceTree = "<group>"; };
		48C072052511B6DB004B02BB /* ManageEmailPasswordUsers.m */ = {isa = PBXFileReference; lastKnownFileType = sourcecode.c.objc; path = ManageEmailPasswordUsers.m; sourceTree = "<group>"; };
		48C5BC3125A4CDE70004DA3D /* Migrations.swift */ = {isa = PBXFileReference; lastKnownFileType = sourcecode.swift; path = Migrations.swift; sourceTree = "<group>"; };
		48E63FB7252646A700F883B1 /* Authenticate.swift */ = {isa = PBXFileReference; lastKnownFileType = sourcecode.swift; path = Authenticate.swift; sourceTree = "<group>"; };
		48F38B512527843B00DDEB65 /* CustomUserData.swift */ = {isa = PBXFileReference; lastKnownFileType = sourcecode.swift; path = CustomUserData.swift; sourceTree = "<group>"; };
		48F38B5325278ECB00DDEB65 /* CustomUserData.m */ = {isa = PBXFileReference; lastKnownFileType = sourcecode.c.objc; path = CustomUserData.m; sourceTree = "<group>"; };
		48F38B552527926500DDEB65 /* Functions.swift */ = {isa = PBXFileReference; lastKnownFileType = sourcecode.swift; path = Functions.swift; sourceTree = "<group>"; };
		48F38B57252793F600DDEB65 /* ManageApiKeys.swift */ = {isa = PBXFileReference; lastKnownFileType = sourcecode.swift; path = ManageApiKeys.swift; sourceTree = "<group>"; };
		48F38B59252794B300DDEB65 /* AnonymouslyLoggedInTestCase.swift */ = {isa = PBXFileReference; lastKnownFileType = sourcecode.swift; path = AnonymouslyLoggedInTestCase.swift; sourceTree = "<group>"; };
		48F38B5B2527A3FE00DDEB65 /* ManageApiKeys.m */ = {isa = PBXFileReference; lastKnownFileType = sourcecode.c.objc; path = ManageApiKeys.m; sourceTree = "<group>"; };
		9107C21228D35EA600E9EAF7 /* AsymmetricSync.swift */ = {isa = PBXFileReference; fileEncoding = 4; lastKnownFileType = sourcecode.swift; path = AsymmetricSync.swift; sourceTree = "<group>"; };
		911366EA27BC0C6100DF865D /* ConvertSyncLocalRealms.swift */ = {isa = PBXFileReference; lastKnownFileType = sourcecode.swift; path = ConvertSyncLocalRealms.swift; sourceTree = "<group>"; };
		9119CCC22B61C63700220A98 /* Geospatial.swift */ = {isa = PBXFileReference; lastKnownFileType = sourcecode.swift; path = Geospatial.swift; sourceTree = "<group>"; };
		9126A02E27ED00A1002006D2 /* RealmPlayground.playground */ = {isa = PBXFileReference; lastKnownFileType = file.playground; path = RealmPlayground.playground; sourceTree = SOURCE_ROOT; xcLanguageSpecificationIdentifier = xcode.lang.swift; };
		912ACA7828415292006CDDD8 /* SwiftUIFlexSyncExample.app */ = {isa = PBXFileReference; explicitFileType = wrapper.application; includeInIndex = 0; path = SwiftUIFlexSyncExample.app; sourceTree = BUILT_PRODUCTS_DIR; };
		912ACA7A28415292006CDDD8 /* SwiftUIFlexSyncExampleApp.swift */ = {isa = PBXFileReference; lastKnownFileType = sourcecode.swift; path = SwiftUIFlexSyncExampleApp.swift; sourceTree = "<group>"; };
		912ACA7E28415294006CDDD8 /* Assets.xcassets */ = {isa = PBXFileReference; lastKnownFileType = folder.assetcatalog; path = Assets.xcassets; sourceTree = "<group>"; };
		912ACA8128415294006CDDD8 /* Preview Assets.xcassets */ = {isa = PBXFileReference; lastKnownFileType = folder.assetcatalog; path = "Preview Assets.xcassets"; sourceTree = "<group>"; };
		914601F426A86B9000BC91EA /* Sync.m */ = {isa = PBXFileReference; fileEncoding = 4; lastKnownFileType = sourcecode.c.objc; path = Sync.m; sourceTree = "<group>"; };
		914601F526A86B9000BC91EA /* Sync.swift */ = {isa = PBXFileReference; fileEncoding = 4; lastKnownFileType = sourcecode.swift; path = Sync.swift; sourceTree = "<group>"; };
		914AC1BC28A3EAE00005E3C3 /* QuickStartFlexSync.swift */ = {isa = PBXFileReference; lastKnownFileType = sourcecode.swift; path = QuickStartFlexSync.swift; sourceTree = "<group>"; };
		914E8AD727F4C08100B8591D /* ClientReset.swift */ = {isa = PBXFileReference; fileEncoding = 4; lastKnownFileType = sourcecode.swift; path = ClientReset.swift; sourceTree = "<group>"; };
		9157C1BB2AD059FF0059281A /* SyncTestUtils.swift */ = {isa = PBXFileReference; lastKnownFileType = sourcecode.swift; path = SyncTestUtils.swift; sourceTree = "<group>"; };
		915B8EE429258B4300150F01 /* CreateObjects.swift */ = {isa = PBXFileReference; lastKnownFileType = sourcecode.swift; path = CreateObjects.swift; sourceTree = "<group>"; };
		915B8EF829267CC100150F01 /* SwiftUI.swift */ = {isa = PBXFileReference; lastKnownFileType = sourcecode.swift; path = SwiftUI.swift; sourceTree = "<group>"; };
		915C666927B41B0900E7BDB4 /* BundleRealms.swift */ = {isa = PBXFileReference; lastKnownFileType = sourcecode.swift; path = BundleRealms.swift; sourceTree = "<group>"; };
		915C667327BAADA100E7BDB4 /* seed.realm */ = {isa = PBXFileReference; lastKnownFileType = file; path = seed.realm; sourceTree = "<group>"; };
		916AC597273036C100270C64 /* ClassProjection.swift */ = {isa = PBXFileReference; fileEncoding = 4; lastKnownFileType = sourcecode.swift; path = ClassProjection.swift; sourceTree = "<group>"; };
		916E7D4228B5693100758A85 /* Previews.swift */ = {isa = PBXFileReference; lastKnownFileType = sourcecode.swift; path = Previews.swift; sourceTree = "<group>"; };
		916E7D4528B57B6B00758A85 /* FilterData.swift */ = {isa = PBXFileReference; lastKnownFileType = sourcecode.swift; path = FilterData.swift; sourceTree = "<group>"; };
		916E7D4828B5863A00758A85 /* QuickWrite.swift */ = {isa = PBXFileReference; lastKnownFileType = sourcecode.swift; path = QuickWrite.swift; sourceTree = "<group>"; };
		917097D9279F182600F1D65B /* FlexibleSync.swift */ = {isa = PBXFileReference; lastKnownFileType = sourcecode.swift; path = FlexibleSync.swift; sourceTree = "<group>"; };
		91713AF928AC3D8200519F9D /* SwiftUICatalog.app */ = {isa = PBXFileReference; explicitFileType = wrapper.application; includeInIndex = 0; path = SwiftUICatalog.app; sourceTree = BUILT_PRODUCTS_DIR; };
		91713AFB28AC3D8200519F9D /* SwiftUICatalogApp.swift */ = {isa = PBXFileReference; lastKnownFileType = sourcecode.swift; path = SwiftUICatalogApp.swift; sourceTree = "<group>"; };
		91713AFF28AC3D8300519F9D /* Assets.xcassets */ = {isa = PBXFileReference; lastKnownFileType = folder.assetcatalog; path = Assets.xcassets; sourceTree = "<group>"; };
		91713B0228AC3D8300519F9D /* Preview Assets.xcassets */ = {isa = PBXFileReference; lastKnownFileType = folder.assetcatalog; path = "Preview Assets.xcassets"; sourceTree = "<group>"; };
		91713B1228AC3D8300519F9D /* SwiftUICatalogUITests.xctest */ = {isa = PBXFileReference; explicitFileType = wrapper.cfbundle; includeInIndex = 0; path = SwiftUICatalogUITests.xctest; sourceTree = BUILT_PRODUCTS_DIR; };
		91713B1628AC3D8400519F9D /* SwiftUICatalogUITests.swift */ = {isa = PBXFileReference; lastKnownFileType = sourcecode.swift; path = SwiftUICatalogUITests.swift; sourceTree = "<group>"; };
		91713B2428AC3DF300519F9D /* OpenRealm.swift */ = {isa = PBXFileReference; lastKnownFileType = sourcecode.swift; path = OpenRealm.swift; sourceTree = "<group>"; };
		91713B3028AC41B700519F9D /* Authenticate.swift */ = {isa = PBXFileReference; lastKnownFileType = sourcecode.swift; path = Authenticate.swift; sourceTree = "<group>"; };
		91713B3428AD2B0E00519F9D /* PassObjectsToView.swift */ = {isa = PBXFileReference; lastKnownFileType = sourcecode.swift; path = PassObjectsToView.swift; sourceTree = "<group>"; };
		91713B3828AD2B3500519F9D /* Model.swift */ = {isa = PBXFileReference; lastKnownFileType = sourcecode.swift; path = Model.swift; sourceTree = "<group>"; };
		91787E5329E594C100296021 /* RealmActor.swift */ = {isa = PBXFileReference; lastKnownFileType = sourcecode.swift; path = RealmActor.swift; sourceTree = "<group>"; };
		917C6E652A8E638F00EC3079 /* SupportedTypes.swift */ = {isa = PBXFileReference; lastKnownFileType = sourcecode.swift; path = SupportedTypes.swift; sourceTree = "<group>"; };
		917C6E672A8E63E900EC3079 /* SupportedTypes.m */ = {isa = PBXFileReference; lastKnownFileType = sourcecode.c.objc; path = SupportedTypes.m; sourceTree = "<group>"; };
		917D8C9E26167B69001B7A61 /* TestingAndDebugging.swift */ = {isa = PBXFileReference; fileEncoding = 4; lastKnownFileType = sourcecode.swift; path = TestingAndDebugging.swift; sourceTree = "<group>"; };
		917E73E526B8A9F80068242A /* MongoDBRemoteAccess.swift */ = {isa = PBXFileReference; fileEncoding = 4; lastKnownFileType = sourcecode.swift; path = MongoDBRemoteAccess.swift; sourceTree = "<group>"; };
		917E73E626B8A9F80068242A /* MongoDBRemoteAccessAggregate.swift */ = {isa = PBXFileReference; fileEncoding = 4; lastKnownFileType = sourcecode.swift; path = MongoDBRemoteAccessAggregate.swift; sourceTree = "<group>"; };
		9185DB1825E82C0300AF1389 /* LocalOnlyCompleteQuickStart.swift */ = {isa = PBXFileReference; fileEncoding = 4; lastKnownFileType = sourcecode.swift; path = LocalOnlyCompleteQuickStart.swift; sourceTree = "<group>"; };
		91A09A33290AF9410009FD7E /* RealmExamplesHostApp.entitlements */ = {isa = PBXFileReference; lastKnownFileType = text.plist.entitlements; path = RealmExamplesHostApp.entitlements; sourceTree = "<group>"; };
		91AB031328981BF700A272E8 /* DeleteRealmFiles.swift */ = {isa = PBXFileReference; lastKnownFileType = sourcecode.swift; path = DeleteRealmFiles.swift; sourceTree = "<group>"; };
		91AB0315289965F800A272E8 /* CreateRealmObjects.swift */ = {isa = PBXFileReference; lastKnownFileType = sourcecode.swift; path = CreateRealmObjects.swift; sourceTree = "<group>"; };
		91AB03172899660A00A272E8 /* ReadRealmObjects.swift */ = {isa = PBXFileReference; lastKnownFileType = sourcecode.swift; path = ReadRealmObjects.swift; sourceTree = "<group>"; };
		91AB03192899662100A272E8 /* UpdateRealmObjects.swift */ = {isa = PBXFileReference; lastKnownFileType = sourcecode.swift; path = UpdateRealmObjects.swift; sourceTree = "<group>"; };
		91AB031B2899663600A272E8 /* DeleteRealmObjects.swift */ = {isa = PBXFileReference; lastKnownFileType = sourcecode.swift; path = DeleteRealmObjects.swift; sourceTree = "<group>"; };
		91AB031D289B1E9700A272E8 /* AddSyncToApp.swift */ = {isa = PBXFileReference; lastKnownFileType = sourcecode.swift; path = AddSyncToApp.swift; sourceTree = "<group>"; };
		91AE237628AFC7A40027C3AC /* SyncOrLocalRealm.swift */ = {isa = PBXFileReference; lastKnownFileType = sourcecode.swift; path = SyncOrLocalRealm.swift; sourceTree = "<group>"; };
		91B4EBA22982CC4F0015FD7B /* HandleSyncErrors.swift */ = {isa = PBXFileReference; lastKnownFileType = sourcecode.swift; path = HandleSyncErrors.swift; sourceTree = "<group>"; };
		91B8A4D5278E24950018F72F /* TypeProjection.swift */ = {isa = PBXFileReference; lastKnownFileType = sourcecode.swift; path = TypeProjection.swift; sourceTree = "<group>"; };
		91C68804274D8AFE001A5DBE /* SwiftUIExamples.app */ = {isa = PBXFileReference; explicitFileType = wrapper.application; includeInIndex = 0; path = SwiftUIExamples.app; sourceTree = BUILT_PRODUCTS_DIR; };
		91CEF5FD260E308100A029E0 /* Compacting.swift */ = {isa = PBXFileReference; lastKnownFileType = sourcecode.swift; path = Compacting.swift; sourceTree = "<group>"; };
		91CEF605260E325000A029E0 /* Compacting.m */ = {isa = PBXFileReference; lastKnownFileType = sourcecode.c.objc; path = Compacting.m; sourceTree = "<group>"; };
		91D5420B28E72C33005F8220 /* SectionedResults.swift */ = {isa = PBXFileReference; lastKnownFileType = sourcecode.swift; path = SectionedResults.swift; sourceTree = "<group>"; };
		91E5C80028256C6D00AAA239 /* EventLibrary.swift */ = {isa = PBXFileReference; fileEncoding = 4; lastKnownFileType = sourcecode.swift; path = EventLibrary.swift; sourceTree = "<group>"; };
		91E608AC296E114500F84EA5 /* SyncedRealmCRUD.swift */ = {isa = PBXFileReference; fileEncoding = 4; lastKnownFileType = sourcecode.swift; path = SyncedRealmCRUD.swift; sourceTree = "<group>"; };
		91F046982A29299A000B43B2 /* Logging.swift */ = {isa = PBXFileReference; lastKnownFileType = sourcecode.swift; path = Logging.swift; sourceTree = "<group>"; };
		91FBD31F279865080005C10C /* DeleteUsers.swift */ = {isa = PBXFileReference; lastKnownFileType = sourcecode.swift; path = DeleteUsers.swift; sourceTree = "<group>"; };
/* End PBXFileReference section */

/* Begin PBXFrameworksBuildPhase section */
		4803B321251068F800CCAF97 /* Frameworks */ = {
			isa = PBXFrameworksBuildPhase;
			buildActionMask = 2147483647;
			files = (
				917CA79D27ECB36700F9BDDC /* FacebookLogin in Frameworks */,
				917CA79B27ECB36700F9BDDC /* FacebookCore in Frameworks */,
			);
			runOnlyForDeploymentPostprocessing = 0;
		};
		4896EE492510514B00D1FABF /* Frameworks */ = {
			isa = PBXFrameworksBuildPhase;
			buildActionMask = 2147483647;
			files = (
				917CA79827ECADC200F9BDDC /* FacebookLogin in Frameworks */,
				9143E95327EB79BD0082A5D6 /* GoogleSignIn in Frameworks */,
				91508B792BE57F3F00817DBC /* RealmSwift in Frameworks */,
				917CA79627ECADC200F9BDDC /* FacebookCore in Frameworks */,
			);
			runOnlyForDeploymentPostprocessing = 0;
		};
		912ACA7528415292006CDDD8 /* Frameworks */ = {
			isa = PBXFrameworksBuildPhase;
			buildActionMask = 2147483647;
			files = (
			);
			runOnlyForDeploymentPostprocessing = 0;
		};
		91713AF628AC3D8200519F9D /* Frameworks */ = {
			isa = PBXFrameworksBuildPhase;
			buildActionMask = 2147483647;
			files = (
				918F1FD62BF7C32E00F43489 /* RealmSwift in Frameworks */,
			);
			runOnlyForDeploymentPostprocessing = 0;
		};
		91713B0F28AC3D8300519F9D /* Frameworks */ = {
			isa = PBXFrameworksBuildPhase;
			buildActionMask = 2147483647;
			files = (
				918F1FDA2BF7C3D100F43489 /* RealmSwift in Frameworks */,
			);
			runOnlyForDeploymentPostprocessing = 0;
		};
		91C687FA274D8AFE001A5DBE /* Frameworks */ = {
			isa = PBXFrameworksBuildPhase;
			buildActionMask = 2147483647;
			files = (
			);
			runOnlyForDeploymentPostprocessing = 0;
		};
/* End PBXFrameworksBuildPhase section */

/* Begin PBXGroup section */
		4803B325251068F800CCAF97 /* HostApp */ = {
			isa = PBXGroup;
			children = (
				4803B326251068F800CCAF97 /* AppDelegate.swift */,
				4803B328251068F800CCAF97 /* SceneDelegate.swift */,
				4803B32A251068F800CCAF97 /* ContentView.swift */,
				4803B32C251068F900CCAF97 /* Assets.xcassets */,
				4803B331251068F900CCAF97 /* LaunchScreen.storyboard */,
				4803B334251068F900CCAF97 /* Info.plist */,
				4803B32E251068F900CCAF97 /* Preview Content */,
			);
			path = HostApp;
			sourceTree = "<group>";
		};
		4803B32E251068F900CCAF97 /* Preview Content */ = {
			isa = PBXGroup;
			children = (
				4803B32F251068F900CCAF97 /* Preview Assets.xcassets */,
			);
			path = "Preview Content";
			sourceTree = "<group>";
		};
		4896EE4D2510514B00D1FABF /* Examples */ = {
			isa = PBXGroup;
			children = (
				91AB031D289B1E9700A272E8 /* AddSyncToApp.swift */,
				48BD8FF025800B4D009DE2E6 /* AnonymouslyLoggedInTestCase.h */,
				48BD8FEB25800AA3009DE2E6 /* AnonymouslyLoggedInTestCase.m */,
				48F38B59252794B300DDEB65 /* AnonymouslyLoggedInTestCase.swift */,
				9107C21228D35EA600E9EAF7 /* AsymmetricSync.swift */,
				48E63FB7252646A700F883B1 /* Authenticate.swift */,
				915C666927B41B0900E7BDB4 /* BundleRealms.swift */,
				916AC597273036C100270C64 /* ClassProjection.swift */,
				914E8AD727F4C08100B8591D /* ClientReset.swift */,
				91CEF605260E325000A029E0 /* Compacting.m */,
				91CEF5FD260E308100A029E0 /* Compacting.swift */,
				911366EA27BC0C6100DF865D /* ConvertSyncLocalRealms.swift */,
				91AB0315289965F800A272E8 /* CreateRealmObjects.swift */,
				48F38B5325278ECB00DDEB65 /* CustomUserData.m */,
				48F38B512527843B00DDEB65 /* CustomUserData.swift */,
				91AB031328981BF700A272E8 /* DeleteRealmFiles.swift */,
				91AB031B2899663600A272E8 /* DeleteRealmObjects.swift */,
				91FBD31F279865080005C10C /* DeleteUsers.swift */,
				48944D9F25C0E79C0092B8AC /* EmbeddedObjects.m */,
				485C5D0F258A9BDF0069AAE8 /* Encrypt.m */,
				485C5D0A258A71200069AAE8 /* Encrypt.swift */,
				228B6F9126166ED10075A6E0 /* Errors.m */,
				228B6F9026166ED10075A6E0 /* Errors.swift */,
				91E5C80028256C6D00AAA239 /* EventLibrary.swift */,
				4896EE57251051C800D1FABF /* ExampleObjcTestCase.m */,
				4896EE54251051A600D1FABF /* ExampleSwiftTestCase.swift */,
				917097D9279F182600F1D65B /* FlexibleSync.swift */,
				4834235B25D6E0CB002CE6B0 /* Functions.m */,
				48F38B552527926500DDEB65 /* Functions.swift */,
				9119CCC22B61C63700220A98 /* Geospatial.swift */,
				48924B972515008100CC9567 /* Info.plist */,
				9185DB1825E82C0300AF1389 /* LocalOnlyCompleteQuickStart.swift */,
				91F046982A29299A000B43B2 /* Logging.swift */,
				48F38B5B2527A3FE00DDEB65 /* ManageApiKeys.m */,
				48F38B57252793F600DDEB65 /* ManageApiKeys.swift */,
				48C072052511B6DB004B02BB /* ManageEmailPasswordUsers.m */,
				48C072032511B5D5004B02BB /* ManageEmailPasswordUsers.swift */,
				48637F4E25C8B8EC002209AF /* Migrations.m */,
				48C5BC3125A4CDE70004DA3D /* Migrations.swift */,
				917E73E526B8A9F80068242A /* MongoDBRemoteAccess.swift */,
				917E73E626B8A9F80068242A /* MongoDBRemoteAccessAggregate.swift */,
				48924BBA2515309F00CC9567 /* MultipleUsers.m */,
				48924B892514EAD900CC9567 /* MultipleUsers.swift */,
				48BF342025112A7F004139AF /* MyRealmApp.h */,
				48BF341E251129AD004139AF /* MyRealmApp.m */,
				4813482F25C21948006209FC /* Notifications.m */,
				4870F8A92593F56B004FF76D /* Notifications.swift */,
				48944D8F25C08D500092B8AC /* ObjectModels.m */,
				48944D8A25BF7BCA0092B8AC /* ObjectModels.swift */,
				48BD8FE62580017D009DE2E6 /* OpenCloseRealm.m */,
				487F77C2253F94C000BDC8CE /* OpenCloseRealm.swift */,
				482A859B2576E34300BA8700 /* QueryEngine.m */,
				482A85932576DC3400BA8700 /* QueryEngine.swift */,
				914AC1BC28A3EAE00005E3C3 /* QuickStartFlexSync.swift */,
				91AB03172899660A00A272E8 /* ReadRealmObjects.swift */,
				4847120125891A3B004BD6EF /* ReadWriteData.m */,
				91787E5329E594C100296021 /* RealmActor.swift */,
				48BF34172511095C004139AF /* RealmApp.swift */,
				9126A02E27ED00A1002006D2 /* RealmPlayground.playground */,
				48944D9725C0BD520092B8AC /* Relationships.m */,
				4870F8A42593EE91004FF76D /* Relationships.swift */,
				915C667327BAADA100E7BDB4 /* seed.realm */,
				917C6E672A8E63E900EC3079 /* SupportedTypes.m */,
				917C6E652A8E638F00EC3079 /* SupportedTypes.swift */,
				915B8EF829267CC100150F01 /* SwiftUI.swift */,
				914601F426A86B9000BC91EA /* Sync.m */,
				914601F526A86B9000BC91EA /* Sync.swift */,
				91E608AC296E114500F84EA5 /* SyncedRealmCRUD.swift */,
				917D8C9E26167B69001B7A61 /* TestingAndDebugging.swift */,
				48924B8B2514FEFC00CC9567 /* TestSetup.swift */,
				4898DDAF25A3768600416375 /* Threading.swift */,
				91B8A4D5278E24950018F72F /* TypeProjection.swift */,
				91AB03192899662100A272E8 /* UpdateRealmObjects.swift */,
			);
			path = Examples;
			sourceTree = "<group>";
		};
		48DBFACD25101C3100391E2B = {
			isa = PBXGroup;
			children = (
				9157C1BA2AD059DA0059281A /* TestUtils */,
				91A09A33290AF9410009FD7E /* RealmExamplesHostApp.entitlements */,
				4896EE4D2510514B00D1FABF /* Examples */,
				4803B325251068F800CCAF97 /* HostApp */,
				91713AFA28AC3D8200519F9D /* SwiftUICatalog */,
				91713B1528AC3D8400519F9D /* SwiftUICatalogUITests */,
				48DBFAD725101C3100391E2B /* Products */,
				912ACA7928415292006CDDD8 /* SwiftUIFlexSyncExample */,
				917CA79927ECB36700F9BDDC /* Frameworks */,
			);
			sourceTree = "<group>";
		};
		48DBFAD725101C3100391E2B /* Products */ = {
			isa = PBXGroup;
			children = (
				4896EE4C2510514B00D1FABF /* RealmExamples.xctest */,
				4803B324251068F800CCAF97 /* RealmExamplesHostApp.app */,
				91C68804274D8AFE001A5DBE /* SwiftUIExamples.app */,
				912ACA7828415292006CDDD8 /* SwiftUIFlexSyncExample.app */,
				91713AF928AC3D8200519F9D /* SwiftUICatalog.app */,
				91713B1228AC3D8300519F9D /* SwiftUICatalogUITests.xctest */,
			);
			name = Products;
			sourceTree = "<group>";
		};
		912ACA7928415292006CDDD8 /* SwiftUIFlexSyncExample */ = {
			isa = PBXGroup;
			children = (
				912ACA7A28415292006CDDD8 /* SwiftUIFlexSyncExampleApp.swift */,
				912ACA7E28415294006CDDD8 /* Assets.xcassets */,
				912ACA8028415294006CDDD8 /* Preview Content */,
			);
			path = SwiftUIFlexSyncExample;
			sourceTree = "<group>";
		};
		912ACA8028415294006CDDD8 /* Preview Content */ = {
			isa = PBXGroup;
			children = (
				912ACA8128415294006CDDD8 /* Preview Assets.xcassets */,
			);
			path = "Preview Content";
			sourceTree = "<group>";
		};
		9157C1BA2AD059DA0059281A /* TestUtils */ = {
			isa = PBXGroup;
			children = (
				9157C1BB2AD059FF0059281A /* SyncTestUtils.swift */,
			);
			path = TestUtils;
			sourceTree = "<group>";
		};
		91713AFA28AC3D8200519F9D /* SwiftUICatalog */ = {
			isa = PBXGroup;
			children = (
				91713B2328AC3DCE00519F9D /* Views */,
				91713AFB28AC3D8200519F9D /* SwiftUICatalogApp.swift */,
				91713AFF28AC3D8300519F9D /* Assets.xcassets */,
				91713B0128AC3D8300519F9D /* Preview Content */,
				91713B3828AD2B3500519F9D /* Model.swift */,
			);
			path = SwiftUICatalog;
			sourceTree = "<group>";
		};
		91713B0128AC3D8300519F9D /* Preview Content */ = {
			isa = PBXGroup;
			children = (
				91713B0228AC3D8300519F9D /* Preview Assets.xcassets */,
			);
			path = "Preview Content";
			sourceTree = "<group>";
		};
		91713B1528AC3D8400519F9D /* SwiftUICatalogUITests */ = {
			isa = PBXGroup;
			children = (
				91713B1628AC3D8400519F9D /* SwiftUICatalogUITests.swift */,
			);
			path = SwiftUICatalogUITests;
			sourceTree = "<group>";
		};
		91713B2328AC3DCE00519F9D /* Views */ = {
			isa = PBXGroup;
			children = (
				91713B3028AC41B700519F9D /* Authenticate.swift */,
				915B8EE429258B4300150F01 /* CreateObjects.swift */,
				916E7D4528B57B6B00758A85 /* FilterData.swift */,
				91B4EBA22982CC4F0015FD7B /* HandleSyncErrors.swift */,
				91713B2428AC3DF300519F9D /* OpenRealm.swift */,
				91713B3428AD2B0E00519F9D /* PassObjectsToView.swift */,
				916E7D4228B5693100758A85 /* Previews.swift */,
				916E7D4828B5863A00758A85 /* QuickWrite.swift */,
				91D5420B28E72C33005F8220 /* SectionedResults.swift */,
				91AE237628AFC7A40027C3AC /* SyncOrLocalRealm.swift */,
			);
			path = Views;
			sourceTree = "<group>";
		};
		917CA79927ECB36700F9BDDC /* Frameworks */ = {
			isa = PBXGroup;
			children = (
			);
			name = Frameworks;
			sourceTree = "<group>";
		};
/* End PBXGroup section */

/* Begin PBXNativeTarget section */
		4803B323251068F800CCAF97 /* RealmExamplesHostApp */ = {
			isa = PBXNativeTarget;
			buildConfigurationList = 4803B335251068F900CCAF97 /* Build configuration list for PBXNativeTarget "RealmExamplesHostApp" */;
			buildPhases = (
				4803B320251068F800CCAF97 /* Sources */,
				4803B321251068F800CCAF97 /* Frameworks */,
				4803B322251068F800CCAF97 /* Resources */,
			);
			buildRules = (
			);
			dependencies = (
			);
			name = RealmExamplesHostApp;
			packageProductDependencies = (
				917CA79A27ECB36700F9BDDC /* FacebookCore */,
				917CA79C27ECB36700F9BDDC /* FacebookLogin */,
			);
			productName = App;
			productReference = 4803B324251068F800CCAF97 /* RealmExamplesHostApp.app */;
			productType = "com.apple.product-type.application";
		};
		4896EE4B2510514B00D1FABF /* RealmExamples */ = {
			isa = PBXNativeTarget;
			buildConfigurationList = 4896EE512510514B00D1FABF /* Build configuration list for PBXNativeTarget "RealmExamples" */;
			buildPhases = (
				48FA32DE25B7979C00715468 /* Swiftlint */,
				4896EE482510514B00D1FABF /* Sources */,
				4896EE492510514B00D1FABF /* Frameworks */,
				4896EE4A2510514B00D1FABF /* Resources */,
				91F04E9B2BE290A80082EB2B /* Embed Frameworks */,
			);
			buildRules = (
			);
			dependencies = (
				4803B339251068FC00CCAF97 /* PBXTargetDependency */,
			);
			name = RealmExamples;
			packageProductDependencies = (
				9143E95227EB79BD0082A5D6 /* GoogleSignIn */,
				917CA79527ECADC200F9BDDC /* FacebookCore */,
				917CA79727ECADC200F9BDDC /* FacebookLogin */,
				91508B782BE57F3F00817DBC /* RealmSwift */,
			);
			productName = RealmExampleTests;
			productReference = 4896EE4C2510514B00D1FABF /* RealmExamples.xctest */;
			productType = "com.apple.product-type.bundle.unit-test";
		};
		912ACA7728415292006CDDD8 /* SwiftUIFlexSyncExample */ = {
			isa = PBXNativeTarget;
			buildConfigurationList = 912ACA8328415294006CDDD8 /* Build configuration list for PBXNativeTarget "SwiftUIFlexSyncExample" */;
			buildPhases = (
				912ACA7428415292006CDDD8 /* Sources */,
				912ACA7528415292006CDDD8 /* Frameworks */,
				912ACA7628415292006CDDD8 /* Resources */,
			);
			buildRules = (
			);
			dependencies = (
			);
			name = SwiftUIFlexSyncExample;
			packageProductDependencies = (
			);
			productName = SwiftUIFlexSyncExample;
			productReference = 912ACA7828415292006CDDD8 /* SwiftUIFlexSyncExample.app */;
			productType = "com.apple.product-type.application";
		};
		91713AF828AC3D8200519F9D /* SwiftUICatalog */ = {
			isa = PBXNativeTarget;
			buildConfigurationList = 91713B2028AC3D8400519F9D /* Build configuration list for PBXNativeTarget "SwiftUICatalog" */;
			buildPhases = (
				91713AF528AC3D8200519F9D /* Sources */,
				91713AF628AC3D8200519F9D /* Frameworks */,
				91713AF728AC3D8200519F9D /* Resources */,
				918F1FD72BF7C32E00F43489 /* Embed Frameworks */,
			);
			buildRules = (
			);
			dependencies = (
			);
			name = SwiftUICatalog;
			packageProductDependencies = (
				918F1FD52BF7C32E00F43489 /* RealmSwift */,
			);
			productName = SwiftUICatalog;
			productReference = 91713AF928AC3D8200519F9D /* SwiftUICatalog.app */;
			productType = "com.apple.product-type.application";
		};
		91713B1128AC3D8300519F9D /* SwiftUICatalogUITests */ = {
			isa = PBXNativeTarget;
			buildConfigurationList = 91713B2228AC3D8400519F9D /* Build configuration list for PBXNativeTarget "SwiftUICatalogUITests" */;
			buildPhases = (
				91713B0E28AC3D8300519F9D /* Sources */,
				91713B0F28AC3D8300519F9D /* Frameworks */,
				91713B1028AC3D8300519F9D /* Resources */,
				918F1FDB2BF7C3D100F43489 /* Embed Frameworks */,
			);
			buildRules = (
			);
			dependencies = (
				91713B1428AC3D8400519F9D /* PBXTargetDependency */,
			);
			name = SwiftUICatalogUITests;
			packageProductDependencies = (
				918F1FD92BF7C3D100F43489 /* RealmSwift */,
			);
			productName = SwiftUICatalogUITests;
			productReference = 91713B1228AC3D8300519F9D /* SwiftUICatalogUITests.xctest */;
			productType = "com.apple.product-type.bundle.ui-testing";
		};
		91C687F6274D8AFE001A5DBE /* SwiftUIExamples */ = {
			isa = PBXNativeTarget;
			buildConfigurationList = 91C68801274D8AFE001A5DBE /* Build configuration list for PBXNativeTarget "SwiftUIExamples" */;
			buildPhases = (
				91C687F8274D8AFE001A5DBE /* Sources */,
				91C687FA274D8AFE001A5DBE /* Frameworks */,
				91C687FC274D8AFE001A5DBE /* Resources */,
			);
			buildRules = (
			);
			dependencies = (
			);
			name = SwiftUIExamples;
			packageProductDependencies = (
			);
			productName = QuickStartSwiftUI;
			productReference = 91C68804274D8AFE001A5DBE /* SwiftUIExamples.app */;
			productType = "com.apple.product-type.application";
		};
/* End PBXNativeTarget section */

/* Begin PBXProject section */
		48DBFACE25101C3100391E2B /* Project object */ = {
			isa = PBXProject;
			attributes = {
				LastSwiftUpdateCheck = 1410;
				LastUpgradeCheck = 1130;
				ORGANIZATIONNAME = "MongoDB, Inc.";
				TargetAttributes = {
					4803B323251068F800CCAF97 = {
						CreatedOnToolsVersion = 11.3.1;
					};
					4896EE4B2510514B00D1FABF = {
						CreatedOnToolsVersion = 11.3.1;
						LastSwiftMigration = 1130;
						TestTargetID = 4803B323251068F800CCAF97;
					};
					912ACA7728415292006CDDD8 = {
						CreatedOnToolsVersion = 13.4;
					};
					91713AF828AC3D8200519F9D = {
						CreatedOnToolsVersion = 13.4.1;
					};
					91713B1128AC3D8300519F9D = {
						CreatedOnToolsVersion = 13.4.1;
						TestTargetID = 91713AF828AC3D8200519F9D;
					};
				};
			};
			buildConfigurationList = 48DBFAD125101C3100391E2B /* Build configuration list for PBXProject "RealmExamples" */;
			compatibilityVersion = "Xcode 13.0";
			developmentRegion = en;
			hasScannedForEncodings = 0;
			knownRegions = (
				en,
				Base,
			);
			mainGroup = 48DBFACD25101C3100391E2B;
			packageReferences = (
				9143E95127EB79BD0082A5D6 /* XCRemoteSwiftPackageReference "GoogleSignIn-iOS" */,
				917CA79427ECADC200F9BDDC /* XCRemoteSwiftPackageReference "facebook-ios-sdk" */,
				91508B752BE57EFA00817DBC /* XCRemoteSwiftPackageReference "realm-swift" */,
			);
			productRefGroup = 48DBFAD725101C3100391E2B /* Products */;
			projectDirPath = "";
			projectRoot = "";
			targets = (
				4896EE4B2510514B00D1FABF /* RealmExamples */,
				4803B323251068F800CCAF97 /* RealmExamplesHostApp */,
				91C687F6274D8AFE001A5DBE /* SwiftUIExamples */,
				912ACA7728415292006CDDD8 /* SwiftUIFlexSyncExample */,
				91713AF828AC3D8200519F9D /* SwiftUICatalog */,
				91713B1128AC3D8300519F9D /* SwiftUICatalogUITests */,
			);
		};
/* End PBXProject section */

/* Begin PBXResourcesBuildPhase section */
		4803B322251068F800CCAF97 /* Resources */ = {
			isa = PBXResourcesBuildPhase;
			buildActionMask = 2147483647;
			files = (
				4803B333251068F900CCAF97 /* LaunchScreen.storyboard in Resources */,
				4803B330251068F900CCAF97 /* Preview Assets.xcassets in Resources */,
				915C667527BAADA100E7BDB4 /* seed.realm in Resources */,
				4803B32D251068F900CCAF97 /* Assets.xcassets in Resources */,
			);
			runOnlyForDeploymentPostprocessing = 0;
		};
		4896EE4A2510514B00D1FABF /* Resources */ = {
			isa = PBXResourcesBuildPhase;
			buildActionMask = 2147483647;
			files = (
				915C667427BAADA100E7BDB4 /* seed.realm in Resources */,
			);
			runOnlyForDeploymentPostprocessing = 0;
		};
		912ACA7628415292006CDDD8 /* Resources */ = {
			isa = PBXResourcesBuildPhase;
			buildActionMask = 2147483647;
			files = (
				912ACA8228415294006CDDD8 /* Preview Assets.xcassets in Resources */,
				912ACA7F28415294006CDDD8 /* Assets.xcassets in Resources */,
			);
			runOnlyForDeploymentPostprocessing = 0;
		};
		91713AF728AC3D8200519F9D /* Resources */ = {
			isa = PBXResourcesBuildPhase;
			buildActionMask = 2147483647;
			files = (
				91713B0328AC3D8300519F9D /* Preview Assets.xcassets in Resources */,
				91713B0028AC3D8300519F9D /* Assets.xcassets in Resources */,
			);
			runOnlyForDeploymentPostprocessing = 0;
		};
		91713B1028AC3D8300519F9D /* Resources */ = {
			isa = PBXResourcesBuildPhase;
			buildActionMask = 2147483647;
			files = (
			);
			runOnlyForDeploymentPostprocessing = 0;
		};
		91C687FC274D8AFE001A5DBE /* Resources */ = {
			isa = PBXResourcesBuildPhase;
			buildActionMask = 2147483647;
			files = (
			);
			runOnlyForDeploymentPostprocessing = 0;
		};
/* End PBXResourcesBuildPhase section */

/* Begin PBXShellScriptBuildPhase section */
		48FA32DE25B7979C00715468 /* Swiftlint */ = {
			isa = PBXShellScriptBuildPhase;
			alwaysOutOfDate = 1;
			buildActionMask = 2147483647;
			files = (
			);
			inputFileListPaths = (
			);
			inputPaths = (
			);
			name = Swiftlint;
			outputFileListPaths = (
			);
			outputPaths = (
			);
			runOnlyForDeploymentPostprocessing = 0;
			shellPath = /bin/sh;
			shellScript = "export PATH=\"$PATH:/opt/homebrew/bin\"\nif which swiftlint >/dev/null; then\n    swiftlint autocorrect && swiftlint\nelse\n    echo \"warning: SwiftLint not installed, download from https://github.com/realm/SwiftLint\"\nfi\n";
			showEnvVarsInLog = 0;
		};
/* End PBXShellScriptBuildPhase section */

/* Begin PBXSourcesBuildPhase section */
		4803B320251068F800CCAF97 /* Sources */ = {
			isa = PBXSourcesBuildPhase;
			buildActionMask = 2147483647;
			files = (
				4803B327251068F800CCAF97 /* AppDelegate.swift in Sources */,
				4803B329251068F800CCAF97 /* SceneDelegate.swift in Sources */,
				4803B32B251068F800CCAF97 /* ContentView.swift in Sources */,
			);
			runOnlyForDeploymentPostprocessing = 0;
		};
		4896EE482510514B00D1FABF /* Sources */ = {
			isa = PBXSourcesBuildPhase;
			buildActionMask = 2147483647;
			files = (
				4870F8AA2593F56B004FF76D /* Notifications.swift in Sources */,
				4813483025C21948006209FC /* Notifications.m in Sources */,
				9119CCC32B61C63700220A98 /* Geospatial.swift in Sources */,
				48BD8FEC25800AA3009DE2E6 /* AnonymouslyLoggedInTestCase.m in Sources */,
				91AB031A2899662100A272E8 /* UpdateRealmObjects.swift in Sources */,
				48F38B5A252794B300DDEB65 /* AnonymouslyLoggedInTestCase.swift in Sources */,
				91F046992A29299A000B43B2 /* Logging.swift in Sources */,
				91CEF5FE260E308100A029E0 /* Compacting.swift in Sources */,
				4896EE58251051C800D1FABF /* ExampleObjcTestCase.m in Sources */,
				4896EE55251051A600D1FABF /* ExampleSwiftTestCase.swift in Sources */,
				4834235C25D6E0CB002CE6B0 /* Functions.m in Sources */,
				48BD8FE72580017D009DE2E6 /* OpenCloseRealm.m in Sources */,
				914601F626A86B9100BC91EA /* Sync.m in Sources */,
				9157C1BC2AD059FF0059281A /* SyncTestUtils.swift in Sources */,
				48944DA025C0E79C0092B8AC /* EmbeddedObjects.m in Sources */,
				914E8AD827F4C08100B8591D /* ClientReset.swift in Sources */,
				48F38B562527926500DDEB65 /* Functions.swift in Sources */,
				48924BBB2515309F00CC9567 /* MultipleUsers.m in Sources */,
				916AC598273036C100270C64 /* ClassProjection.swift in Sources */,
				917E73E726B8A9F80068242A /* MongoDBRemoteAccess.swift in Sources */,
				917C6E662A8E638F00EC3079 /* SupportedTypes.swift in Sources */,
				911366EB27BC0C6100DF865D /* ConvertSyncLocalRealms.swift in Sources */,
				915B8EF929267CC100150F01 /* SwiftUI.swift in Sources */,
				228B6F9326166ED10075A6E0 /* Errors.m in Sources */,
				4898DDB025A3768600416375 /* Threading.swift in Sources */,
				91CEF606260E325000A029E0 /* Compacting.m in Sources */,
				48944D9025C08D500092B8AC /* ObjectModels.m in Sources */,
				48F38B5425278ECB00DDEB65 /* CustomUserData.m in Sources */,
				48924B8C2514FEFC00CC9567 /* TestSetup.swift in Sources */,
				91787E5429E594C100296021 /* RealmActor.swift in Sources */,
				915C666A27B41B0900E7BDB4 /* BundleRealms.swift in Sources */,
				4847120225891A3B004BD6EF /* ReadWriteData.m in Sources */,
				48C072062511B6DB004B02BB /* ManageEmailPasswordUsers.m in Sources */,
				482A85942576DC3400BA8700 /* QueryEngine.swift in Sources */,
				914AC1BD28A3EAE00005E3C3 /* QuickStartFlexSync.swift in Sources */,
				4813483B25C244CA006209FC /* (null) in Sources */,
				48BF34182511095C004139AF /* RealmApp.swift in Sources */,
				48944D9825C0BD520092B8AC /* Relationships.m in Sources */,
				91E5C80128256C6D00AAA239 /* EventLibrary.swift in Sources */,
				4870F8A52593EE91004FF76D /* Relationships.swift in Sources */,
				48C5BC3225A4CDE70004DA3D /* Migrations.swift in Sources */,
				91AB031428981BF700A272E8 /* DeleteRealmFiles.swift in Sources */,
				917D8C9F26167B69001B7A61 /* TestingAndDebugging.swift in Sources */,
				48944D8B25BF7BCA0092B8AC /* ObjectModels.swift in Sources */,
				91FBD320279865080005C10C /* DeleteUsers.swift in Sources */,
				91AB03182899660A00A272E8 /* ReadRealmObjects.swift in Sources */,
				91E608AD296E114500F84EA5 /* SyncedRealmCRUD.swift in Sources */,
				91AB0316289965F800A272E8 /* CreateRealmObjects.swift in Sources */,
				48E63FB8252646A700F883B1 /* Authenticate.swift in Sources */,
				48F38B58252793F600DDEB65 /* ManageApiKeys.swift in Sources */,
				48637F4F25C8B8EC002209AF /* Migrations.m in Sources */,
				917E73E826B8A9F80068242A /* MongoDBRemoteAccessAggregate.swift in Sources */,
				9107C21328D35EA600E9EAF7 /* AsymmetricSync.swift in Sources */,
				9185DB1925E82C0300AF1389 /* LocalOnlyCompleteQuickStart.swift in Sources */,
				485C5D0B258A71200069AAE8 /* Encrypt.swift in Sources */,
				482A859C2576E34300BA8700 /* QueryEngine.m in Sources */,
				4815C5FD25C324F20014538D /* (null) in Sources */,
				48924B8A2514EAD900CC9567 /* MultipleUsers.swift in Sources */,
				914601F726A86B9100BC91EA /* Sync.swift in Sources */,
				91AB031C2899663600A272E8 /* DeleteRealmObjects.swift in Sources */,
				485C5D10258A9BDF0069AAE8 /* Encrypt.m in Sources */,
				91AB031E289B1E9700A272E8 /* AddSyncToApp.swift in Sources */,
				48BF341F251129AD004139AF /* MyRealmApp.m in Sources */,
				91B8A4D6278E24950018F72F /* TypeProjection.swift in Sources */,
				487F77C3253F94C000BDC8CE /* OpenCloseRealm.swift in Sources */,
				228B6F9226166ED10075A6E0 /* Errors.swift in Sources */,
				917C6E682A8E63E900EC3079 /* SupportedTypes.m in Sources */,
				48F38B5C2527A3FE00DDEB65 /* ManageApiKeys.m in Sources */,
				917097DA279F182600F1D65B /* FlexibleSync.swift in Sources */,
				48C072042511B5D5004B02BB /* ManageEmailPasswordUsers.swift in Sources */,
				48F38B522527843B00DDEB65 /* CustomUserData.swift in Sources */,
			);
			runOnlyForDeploymentPostprocessing = 0;
		};
		912ACA7428415292006CDDD8 /* Sources */ = {
			isa = PBXSourcesBuildPhase;
			buildActionMask = 2147483647;
			files = (
				912ACA7B28415292006CDDD8 /* SwiftUIFlexSyncExampleApp.swift in Sources */,
			);
			runOnlyForDeploymentPostprocessing = 0;
		};
		91713AF528AC3D8200519F9D /* Sources */ = {
			isa = PBXSourcesBuildPhase;
			buildActionMask = 2147483647;
			files = (
				91713B3928AD2B3500519F9D /* Model.swift in Sources */,
				916E7D4628B57B6B00758A85 /* FilterData.swift in Sources */,
				91AE237728AFC7A40027C3AC /* SyncOrLocalRealm.swift in Sources */,
				91D5420C28E72C33005F8220 /* SectionedResults.swift in Sources */,
				91713AFC28AC3D8200519F9D /* SwiftUICatalogApp.swift in Sources */,
				916E7D4928B5863A00758A85 /* QuickWrite.swift in Sources */,
				91713B3528AD2B0E00519F9D /* PassObjectsToView.swift in Sources */,
				91B4EBA32982CC4F0015FD7B /* HandleSyncErrors.swift in Sources */,
				91713B2528AC3DF300519F9D /* OpenRealm.swift in Sources */,
				916E7D4328B5693100758A85 /* Previews.swift in Sources */,
				915B8EE529258B4300150F01 /* CreateObjects.swift in Sources */,
				91713B3128AC41B700519F9D /* Authenticate.swift in Sources */,
			);
			runOnlyForDeploymentPostprocessing = 0;
		};
		91713B0E28AC3D8300519F9D /* Sources */ = {
			isa = PBXSourcesBuildPhase;
			buildActionMask = 2147483647;
			files = (
				91713B3328AC41B700519F9D /* Authenticate.swift in Sources */,
				916E7D4728B57B6B00758A85 /* FilterData.swift in Sources */,
				91AE237828AFC7A40027C3AC /* SyncOrLocalRealm.swift in Sources */,
				91D5420D28E72C33005F8220 /* SectionedResults.swift in Sources */,
				91713B3728AD2B0E00519F9D /* PassObjectsToView.swift in Sources */,
				916E7D4A28B5863A00758A85 /* QuickWrite.swift in Sources */,
				91713B3B28AD2B3500519F9D /* Model.swift in Sources */,
				91713B2728AC3DF300519F9D /* OpenRealm.swift in Sources */,
				916E7D4428B5693100758A85 /* Previews.swift in Sources */,
				915B8EE629258B4300150F01 /* CreateObjects.swift in Sources */,
				91713B1728AC3D8400519F9D /* SwiftUICatalogUITests.swift in Sources */,
			);
			runOnlyForDeploymentPostprocessing = 0;
		};
		91C687F8274D8AFE001A5DBE /* Sources */ = {
			isa = PBXSourcesBuildPhase;
			buildActionMask = 2147483647;
			files = (
			);
			runOnlyForDeploymentPostprocessing = 0;
		};
/* End PBXSourcesBuildPhase section */

/* Begin PBXTargetDependency section */
		4803B339251068FC00CCAF97 /* PBXTargetDependency */ = {
			isa = PBXTargetDependency;
			target = 4803B323251068F800CCAF97 /* RealmExamplesHostApp */;
			targetProxy = 4803B338251068FC00CCAF97 /* PBXContainerItemProxy */;
		};
		91713B1428AC3D8400519F9D /* PBXTargetDependency */ = {
			isa = PBXTargetDependency;
			target = 91713AF828AC3D8200519F9D /* SwiftUICatalog */;
			targetProxy = 91713B1328AC3D8400519F9D /* PBXContainerItemProxy */;
		};
/* End PBXTargetDependency section */

/* Begin PBXVariantGroup section */
		4803B331251068F900CCAF97 /* LaunchScreen.storyboard */ = {
			isa = PBXVariantGroup;
			children = (
				4803B332251068F900CCAF97 /* Base */,
			);
			name = LaunchScreen.storyboard;
			sourceTree = "<group>";
		};
/* End PBXVariantGroup section */

/* Begin XCBuildConfiguration section */
		4803B336251068F900CCAF97 /* Debug */ = {
			isa = XCBuildConfiguration;
			buildSettings = {
				ASSETCATALOG_COMPILER_APPICON_NAME = AppIcon;
				CLANG_CXX_LANGUAGE_STANDARD = "gnu++17";
				CLANG_WARN_QUOTED_INCLUDE_IN_FRAMEWORK_HEADER = YES;
				CODE_SIGN_ENTITLEMENTS = RealmExamplesHostApp.entitlements;
				CODE_SIGN_STYLE = Automatic;
				DEVELOPMENT_ASSET_PATHS = "";
				DEVELOPMENT_TEAM = "";
				ENABLE_PREVIEWS = YES;
				INFOPLIST_EXPAND_BUILD_SETTINGS = YES;
				INFOPLIST_FILE = HostApp/Info.plist;
				INFOPLIST_KEY_UIApplicationSceneManifest_Generation = YES;
				INFOPLIST_KEY_UIApplicationSupportsIndirectInputEvents = YES;
				IPHONEOS_DEPLOYMENT_TARGET = 17.2;
				LD_RUNPATH_SEARCH_PATHS = (
					"$(inherited)",
					"@executable_path/Frameworks",
				);
				PRODUCT_BUNDLE_IDENTIFIER = com.mongodb.docs.RealmExamplesHostApp;
				PRODUCT_NAME = "$(TARGET_NAME)";
				SWIFT_EMIT_LOC_STRINGS = YES;
				SWIFT_VERSION = 5.0;
				TARGETED_DEVICE_FAMILY = "1,2";
			};
			name = Debug;
		};
		4803B337251068F900CCAF97 /* Release */ = {
			isa = XCBuildConfiguration;
			buildSettings = {
				ASSETCATALOG_COMPILER_APPICON_NAME = AppIcon;
				CLANG_CXX_LANGUAGE_STANDARD = "gnu++17";
				CLANG_WARN_QUOTED_INCLUDE_IN_FRAMEWORK_HEADER = YES;
				CODE_SIGN_ENTITLEMENTS = RealmExamplesHostApp.entitlements;
				CODE_SIGN_STYLE = Automatic;
				DEVELOPMENT_ASSET_PATHS = "";
				DEVELOPMENT_TEAM = "";
				ENABLE_PREVIEWS = YES;
				INFOPLIST_EXPAND_BUILD_SETTINGS = YES;
				INFOPLIST_FILE = HostApp/Info.plist;
				INFOPLIST_KEY_UIApplicationSceneManifest_Generation = YES;
				INFOPLIST_KEY_UIApplicationSupportsIndirectInputEvents = YES;
				IPHONEOS_DEPLOYMENT_TARGET = 17.2;
				LD_RUNPATH_SEARCH_PATHS = (
					"$(inherited)",
					"@executable_path/Frameworks",
				);
				PRODUCT_BUNDLE_IDENTIFIER = com.mongodb.docs.RealmExamplesHostApp;
				PRODUCT_NAME = "$(TARGET_NAME)";
				SWIFT_EMIT_LOC_STRINGS = YES;
				SWIFT_VERSION = 5.0;
				TARGETED_DEVICE_FAMILY = "1,2";
			};
			name = Release;
		};
		4896EE522510514B00D1FABF /* Debug */ = {
			isa = XCBuildConfiguration;
			buildSettings = {
				BUNDLE_LOADER = "$(TEST_HOST)";
				CLANG_ENABLE_MODULES = YES;
				CODE_SIGN_STYLE = Automatic;
				INFOPLIST_EXPAND_BUILD_SETTINGS = YES;
				INFOPLIST_FILE = Examples/Info.plist;
				IPHONEOS_DEPLOYMENT_TARGET = 17.2;
				LD_RUNPATH_SEARCH_PATHS = (
					"$(inherited)",
					"@executable_path/Frameworks",
					"@loader_path/Frameworks",
				);
				PRODUCT_BUNDLE_IDENTIFIER = com.mongodb.docs.RealmExamples;
				PRODUCT_NAME = "$(TARGET_NAME)";
				SWIFT_OBJC_BRIDGING_HEADER = "";
				SWIFT_OPTIMIZATION_LEVEL = "-Onone";
				SWIFT_STRICT_CONCURRENCY = minimal;
				SWIFT_VERSION = 5.0;
				TARGETED_DEVICE_FAMILY = "1,2";
				TEST_HOST = "$(BUILT_PRODUCTS_DIR)/RealmExamplesHostApp.app/RealmExamplesHostApp";
			};
			name = Debug;
		};
		4896EE532510514B00D1FABF /* Release */ = {
			isa = XCBuildConfiguration;
			buildSettings = {
				BUNDLE_LOADER = "$(TEST_HOST)";
				CLANG_ENABLE_MODULES = YES;
				CODE_SIGN_STYLE = Automatic;
				INFOPLIST_EXPAND_BUILD_SETTINGS = YES;
				INFOPLIST_FILE = Examples/Info.plist;
				IPHONEOS_DEPLOYMENT_TARGET = 17.2;
				LD_RUNPATH_SEARCH_PATHS = (
					"$(inherited)",
					"@executable_path/Frameworks",
					"@loader_path/Frameworks",
				);
				PRODUCT_BUNDLE_IDENTIFIER = com.mongodb.docs.RealmExamples;
				PRODUCT_NAME = "$(TARGET_NAME)";
				SWIFT_OBJC_BRIDGING_HEADER = "";
				SWIFT_STRICT_CONCURRENCY = minimal;
				SWIFT_VERSION = 5.0;
				TARGETED_DEVICE_FAMILY = "1,2";
				TEST_HOST = "$(BUILT_PRODUCTS_DIR)/RealmExamplesHostApp.app/RealmExamplesHostApp";
			};
			name = Release;
		};
		48DBFADB25101C3100391E2B /* Debug */ = {
			isa = XCBuildConfiguration;
			buildSettings = {
				ALWAYS_SEARCH_USER_PATHS = NO;
				CLANG_ANALYZER_NONNULL = YES;
				CLANG_ANALYZER_NUMBER_OBJECT_CONVERSION = YES_AGGRESSIVE;
				CLANG_CXX_LANGUAGE_STANDARD = "gnu++14";
				CLANG_CXX_LIBRARY = "libc++";
				CLANG_ENABLE_MODULES = YES;
				CLANG_ENABLE_OBJC_ARC = YES;
				CLANG_ENABLE_OBJC_WEAK = YES;
				CLANG_WARN_BLOCK_CAPTURE_AUTORELEASING = YES;
				CLANG_WARN_BOOL_CONVERSION = YES;
				CLANG_WARN_COMMA = YES;
				CLANG_WARN_CONSTANT_CONVERSION = YES;
				CLANG_WARN_DEPRECATED_OBJC_IMPLEMENTATIONS = YES;
				CLANG_WARN_DIRECT_OBJC_ISA_USAGE = YES_ERROR;
				CLANG_WARN_DOCUMENTATION_COMMENTS = YES;
				CLANG_WARN_EMPTY_BODY = YES;
				CLANG_WARN_ENUM_CONVERSION = YES;
				CLANG_WARN_INFINITE_RECURSION = YES;
				CLANG_WARN_INT_CONVERSION = YES;
				CLANG_WARN_NON_LITERAL_NULL_CONVERSION = YES;
				CLANG_WARN_OBJC_IMPLICIT_RETAIN_SELF = YES;
				CLANG_WARN_OBJC_LITERAL_CONVERSION = YES;
				CLANG_WARN_OBJC_ROOT_CLASS = YES_ERROR;
				CLANG_WARN_RANGE_LOOP_ANALYSIS = YES;
				CLANG_WARN_STRICT_PROTOTYPES = YES;
				CLANG_WARN_SUSPICIOUS_MOVE = YES;
				CLANG_WARN_UNGUARDED_AVAILABILITY = YES_AGGRESSIVE;
				CLANG_WARN_UNREACHABLE_CODE = YES;
				CLANG_WARN__DUPLICATE_METHOD_MATCH = YES;
				COPY_PHASE_STRIP = NO;
				CREATE_INFOPLIST_SECTION_IN_BINARY = NO;
				DEBUG_INFORMATION_FORMAT = dwarf;
				ENABLE_STRICT_OBJC_MSGSEND = YES;
				ENABLE_TESTABILITY = YES;
				GCC_C_LANGUAGE_STANDARD = gnu11;
				GCC_DYNAMIC_NO_PIC = NO;
				GCC_NO_COMMON_BLOCKS = YES;
				GCC_OPTIMIZATION_LEVEL = 0;
				GCC_PREPROCESSOR_DEFINITIONS = (
					"DEBUG=1",
					"$(inherited)",
				);
				GCC_WARN_64_TO_32_BIT_CONVERSION = YES;
				GCC_WARN_ABOUT_RETURN_TYPE = YES_ERROR;
				GCC_WARN_UNDECLARED_SELECTOR = YES;
				GCC_WARN_UNINITIALIZED_AUTOS = YES_AGGRESSIVE;
				GCC_WARN_UNUSED_FUNCTION = YES;
				GCC_WARN_UNUSED_VARIABLE = YES;
				INFOPLIST_FILE = Examples/Info.plist;
				INFOPLIST_PREPROCESS = YES;
				IPHONEOS_DEPLOYMENT_TARGET = 17.2;
				MTL_ENABLE_DEBUG_INFO = INCLUDE_SOURCE;
				MTL_FAST_MATH = YES;
				ONLY_ACTIVE_ARCH = YES;
				SDKROOT = iphoneos;
				SWIFT_ACTIVE_COMPILATION_CONDITIONS = DEBUG;
				SWIFT_OPTIMIZATION_LEVEL = "-Onone";
				SWIFT_STRICT_CONCURRENCY = minimal;
				SWIFT_VERSION = "";
			};
			name = Debug;
		};
		48DBFADC25101C3100391E2B /* Release */ = {
			isa = XCBuildConfiguration;
			buildSettings = {
				ALWAYS_SEARCH_USER_PATHS = NO;
				CLANG_ANALYZER_NONNULL = YES;
				CLANG_ANALYZER_NUMBER_OBJECT_CONVERSION = YES_AGGRESSIVE;
				CLANG_CXX_LANGUAGE_STANDARD = "gnu++14";
				CLANG_CXX_LIBRARY = "libc++";
				CLANG_ENABLE_MODULES = YES;
				CLANG_ENABLE_OBJC_ARC = YES;
				CLANG_ENABLE_OBJC_WEAK = YES;
				CLANG_WARN_BLOCK_CAPTURE_AUTORELEASING = YES;
				CLANG_WARN_BOOL_CONVERSION = YES;
				CLANG_WARN_COMMA = YES;
				CLANG_WARN_CONSTANT_CONVERSION = YES;
				CLANG_WARN_DEPRECATED_OBJC_IMPLEMENTATIONS = YES;
				CLANG_WARN_DIRECT_OBJC_ISA_USAGE = YES_ERROR;
				CLANG_WARN_DOCUMENTATION_COMMENTS = YES;
				CLANG_WARN_EMPTY_BODY = YES;
				CLANG_WARN_ENUM_CONVERSION = YES;
				CLANG_WARN_INFINITE_RECURSION = YES;
				CLANG_WARN_INT_CONVERSION = YES;
				CLANG_WARN_NON_LITERAL_NULL_CONVERSION = YES;
				CLANG_WARN_OBJC_IMPLICIT_RETAIN_SELF = YES;
				CLANG_WARN_OBJC_LITERAL_CONVERSION = YES;
				CLANG_WARN_OBJC_ROOT_CLASS = YES_ERROR;
				CLANG_WARN_RANGE_LOOP_ANALYSIS = YES;
				CLANG_WARN_STRICT_PROTOTYPES = YES;
				CLANG_WARN_SUSPICIOUS_MOVE = YES;
				CLANG_WARN_UNGUARDED_AVAILABILITY = YES_AGGRESSIVE;
				CLANG_WARN_UNREACHABLE_CODE = YES;
				CLANG_WARN__DUPLICATE_METHOD_MATCH = YES;
				COPY_PHASE_STRIP = NO;
				CREATE_INFOPLIST_SECTION_IN_BINARY = NO;
				DEBUG_INFORMATION_FORMAT = "dwarf-with-dsym";
				ENABLE_NS_ASSERTIONS = NO;
				ENABLE_STRICT_OBJC_MSGSEND = YES;
				GCC_C_LANGUAGE_STANDARD = gnu11;
				GCC_NO_COMMON_BLOCKS = YES;
				GCC_WARN_64_TO_32_BIT_CONVERSION = YES;
				GCC_WARN_ABOUT_RETURN_TYPE = YES_ERROR;
				GCC_WARN_UNDECLARED_SELECTOR = YES;
				GCC_WARN_UNINITIALIZED_AUTOS = YES_AGGRESSIVE;
				GCC_WARN_UNUSED_FUNCTION = YES;
				GCC_WARN_UNUSED_VARIABLE = YES;
				INFOPLIST_FILE = Examples/Info.plist;
				INFOPLIST_PREPROCESS = YES;
				IPHONEOS_DEPLOYMENT_TARGET = 17.2;
				MTL_ENABLE_DEBUG_INFO = NO;
				MTL_FAST_MATH = YES;
				SDKROOT = iphoneos;
				SWIFT_COMPILATION_MODE = wholemodule;
				SWIFT_OPTIMIZATION_LEVEL = "-O";
				SWIFT_STRICT_CONCURRENCY = minimal;
				SWIFT_VERSION = "";
				VALIDATE_PRODUCT = YES;
			};
			name = Release;
		};
		912ACA8428415294006CDDD8 /* Debug */ = {
			isa = XCBuildConfiguration;
			buildSettings = {
				ASSETCATALOG_COMPILER_APPICON_NAME = AppIcon;
				ASSETCATALOG_COMPILER_GLOBAL_ACCENT_COLOR_NAME = AccentColor;
				CLANG_CXX_LANGUAGE_STANDARD = "gnu++17";
				CLANG_WARN_QUOTED_INCLUDE_IN_FRAMEWORK_HEADER = YES;
				CODE_SIGN_STYLE = Automatic;
				CURRENT_PROJECT_VERSION = 1;
				DEVELOPMENT_ASSET_PATHS = "\"SwiftUIFlexSyncExample/Preview Content\"";
				DEVELOPMENT_TEAM = T7AQ7795G8;
				ENABLE_PREVIEWS = YES;
				GENERATE_INFOPLIST_FILE = YES;
				INFOPLIST_KEY_UIApplicationSceneManifest_Generation = YES;
				INFOPLIST_KEY_UIApplicationSupportsIndirectInputEvents = YES;
				INFOPLIST_KEY_UILaunchScreen_Generation = YES;
				INFOPLIST_KEY_UISupportedInterfaceOrientations_iPad = "UIInterfaceOrientationPortrait UIInterfaceOrientationPortraitUpsideDown UIInterfaceOrientationLandscapeLeft UIInterfaceOrientationLandscapeRight";
				INFOPLIST_KEY_UISupportedInterfaceOrientations_iPhone = "UIInterfaceOrientationPortrait UIInterfaceOrientationLandscapeLeft UIInterfaceOrientationLandscapeRight";
				IPHONEOS_DEPLOYMENT_TARGET = 15.5;
				LD_RUNPATH_SEARCH_PATHS = (
					"$(inherited)",
					"@executable_path/Frameworks",
				);
				MARKETING_VERSION = 1.0;
				PRODUCT_BUNDLE_IDENTIFIER = com.mongodb.SwiftUIFlexSyncExample;
				PRODUCT_NAME = "$(TARGET_NAME)";
				SWIFT_EMIT_LOC_STRINGS = YES;
				SWIFT_VERSION = 5.0;
				TARGETED_DEVICE_FAMILY = "1,2";
			};
			name = Debug;
		};
		912ACA8528415294006CDDD8 /* Release */ = {
			isa = XCBuildConfiguration;
			buildSettings = {
				ASSETCATALOG_COMPILER_APPICON_NAME = AppIcon;
				ASSETCATALOG_COMPILER_GLOBAL_ACCENT_COLOR_NAME = AccentColor;
				CLANG_CXX_LANGUAGE_STANDARD = "gnu++17";
				CLANG_WARN_QUOTED_INCLUDE_IN_FRAMEWORK_HEADER = YES;
				CODE_SIGN_STYLE = Automatic;
				CURRENT_PROJECT_VERSION = 1;
				DEVELOPMENT_ASSET_PATHS = "\"SwiftUIFlexSyncExample/Preview Content\"";
				DEVELOPMENT_TEAM = T7AQ7795G8;
				ENABLE_PREVIEWS = YES;
				GENERATE_INFOPLIST_FILE = YES;
				INFOPLIST_KEY_UIApplicationSceneManifest_Generation = YES;
				INFOPLIST_KEY_UIApplicationSupportsIndirectInputEvents = YES;
				INFOPLIST_KEY_UILaunchScreen_Generation = YES;
				INFOPLIST_KEY_UISupportedInterfaceOrientations_iPad = "UIInterfaceOrientationPortrait UIInterfaceOrientationPortraitUpsideDown UIInterfaceOrientationLandscapeLeft UIInterfaceOrientationLandscapeRight";
				INFOPLIST_KEY_UISupportedInterfaceOrientations_iPhone = "UIInterfaceOrientationPortrait UIInterfaceOrientationLandscapeLeft UIInterfaceOrientationLandscapeRight";
				IPHONEOS_DEPLOYMENT_TARGET = 15.5;
				LD_RUNPATH_SEARCH_PATHS = (
					"$(inherited)",
					"@executable_path/Frameworks",
				);
				MARKETING_VERSION = 1.0;
				PRODUCT_BUNDLE_IDENTIFIER = com.mongodb.SwiftUIFlexSyncExample;
				PRODUCT_NAME = "$(TARGET_NAME)";
				SWIFT_EMIT_LOC_STRINGS = YES;
				SWIFT_VERSION = 5.0;
				TARGETED_DEVICE_FAMILY = "1,2";
			};
			name = Release;
		};
		91713B1A28AC3D8400519F9D /* Debug */ = {
			isa = XCBuildConfiguration;
			buildSettings = {
				ASSETCATALOG_COMPILER_APPICON_NAME = AppIcon;
				ASSETCATALOG_COMPILER_GLOBAL_ACCENT_COLOR_NAME = AccentColor;
				CLANG_CXX_LANGUAGE_STANDARD = "gnu++17";
				CLANG_WARN_QUOTED_INCLUDE_IN_FRAMEWORK_HEADER = YES;
				CODE_SIGN_STYLE = Automatic;
				CURRENT_PROJECT_VERSION = 1;
				DEVELOPMENT_ASSET_PATHS = "\"SwiftUICatalog/Preview Content\"";
				ENABLE_PREVIEWS = YES;
				GENERATE_INFOPLIST_FILE = YES;
				INFOPLIST_KEY_UIApplicationSceneManifest_Generation = YES;
				INFOPLIST_KEY_UIApplicationSupportsIndirectInputEvents = YES;
				INFOPLIST_KEY_UILaunchScreen_Generation = YES;
				INFOPLIST_KEY_UISupportedInterfaceOrientations_iPad = "UIInterfaceOrientationPortrait UIInterfaceOrientationPortraitUpsideDown UIInterfaceOrientationLandscapeLeft UIInterfaceOrientationLandscapeRight";
				INFOPLIST_KEY_UISupportedInterfaceOrientations_iPhone = "UIInterfaceOrientationPortrait UIInterfaceOrientationLandscapeLeft UIInterfaceOrientationLandscapeRight";
				IPHONEOS_DEPLOYMENT_TARGET = 16.1;
				LD_RUNPATH_SEARCH_PATHS = (
					"$(inherited)",
					"@executable_path/Frameworks",
				);
				MARKETING_VERSION = 1.0;
				PRODUCT_BUNDLE_IDENTIFIER = com.mongodb.SwiftUICatalog;
				PRODUCT_NAME = "$(TARGET_NAME)";
				SWIFT_EMIT_LOC_STRINGS = YES;
				SWIFT_VERSION = 5.0;
				TARGETED_DEVICE_FAMILY = "1,2";
			};
			name = Debug;
		};
		91713B1B28AC3D8400519F9D /* Release */ = {
			isa = XCBuildConfiguration;
			buildSettings = {
				ASSETCATALOG_COMPILER_APPICON_NAME = AppIcon;
				ASSETCATALOG_COMPILER_GLOBAL_ACCENT_COLOR_NAME = AccentColor;
				CLANG_CXX_LANGUAGE_STANDARD = "gnu++17";
				CLANG_WARN_QUOTED_INCLUDE_IN_FRAMEWORK_HEADER = YES;
				CODE_SIGN_STYLE = Automatic;
				CURRENT_PROJECT_VERSION = 1;
				DEVELOPMENT_ASSET_PATHS = "\"SwiftUICatalog/Preview Content\"";
				ENABLE_PREVIEWS = YES;
				GENERATE_INFOPLIST_FILE = YES;
				INFOPLIST_KEY_UIApplicationSceneManifest_Generation = YES;
				INFOPLIST_KEY_UIApplicationSupportsIndirectInputEvents = YES;
				INFOPLIST_KEY_UILaunchScreen_Generation = YES;
				INFOPLIST_KEY_UISupportedInterfaceOrientations_iPad = "UIInterfaceOrientationPortrait UIInterfaceOrientationPortraitUpsideDown UIInterfaceOrientationLandscapeLeft UIInterfaceOrientationLandscapeRight";
				INFOPLIST_KEY_UISupportedInterfaceOrientations_iPhone = "UIInterfaceOrientationPortrait UIInterfaceOrientationLandscapeLeft UIInterfaceOrientationLandscapeRight";
				IPHONEOS_DEPLOYMENT_TARGET = 16.1;
				LD_RUNPATH_SEARCH_PATHS = (
					"$(inherited)",
					"@executable_path/Frameworks",
				);
				MARKETING_VERSION = 1.0;
				PRODUCT_BUNDLE_IDENTIFIER = com.mongodb.SwiftUICatalog;
				PRODUCT_NAME = "$(TARGET_NAME)";
				SWIFT_EMIT_LOC_STRINGS = YES;
				SWIFT_VERSION = 5.0;
				TARGETED_DEVICE_FAMILY = "1,2";
			};
			name = Release;
		};
		91713B1E28AC3D8400519F9D /* Debug */ = {
			isa = XCBuildConfiguration;
			buildSettings = {
				ALWAYS_EMBED_SWIFT_STANDARD_LIBRARIES = YES;
				CLANG_CXX_LANGUAGE_STANDARD = "gnu++17";
				CLANG_WARN_QUOTED_INCLUDE_IN_FRAMEWORK_HEADER = YES;
				CODE_SIGN_STYLE = Automatic;
				CURRENT_PROJECT_VERSION = 1;
				GENERATE_INFOPLIST_FILE = YES;
				IPHONEOS_DEPLOYMENT_TARGET = 16.1;
				MARKETING_VERSION = 1.0;
				PRODUCT_BUNDLE_IDENTIFIER = com.mongodb.SwiftUICatalogUITests;
				PRODUCT_NAME = "$(TARGET_NAME)";
				SWIFT_EMIT_LOC_STRINGS = NO;
				SWIFT_VERSION = 5.0;
				TARGETED_DEVICE_FAMILY = "1,2";
				TEST_TARGET_NAME = SwiftUICatalog;
			};
			name = Debug;
		};
		91713B1F28AC3D8400519F9D /* Release */ = {
			isa = XCBuildConfiguration;
			buildSettings = {
				ALWAYS_EMBED_SWIFT_STANDARD_LIBRARIES = YES;
				CLANG_CXX_LANGUAGE_STANDARD = "gnu++17";
				CLANG_WARN_QUOTED_INCLUDE_IN_FRAMEWORK_HEADER = YES;
				CODE_SIGN_STYLE = Automatic;
				CURRENT_PROJECT_VERSION = 1;
				GENERATE_INFOPLIST_FILE = YES;
				IPHONEOS_DEPLOYMENT_TARGET = 16.1;
				MARKETING_VERSION = 1.0;
				PRODUCT_BUNDLE_IDENTIFIER = com.mongodb.SwiftUICatalogUITests;
				PRODUCT_NAME = "$(TARGET_NAME)";
				SWIFT_EMIT_LOC_STRINGS = NO;
				SWIFT_VERSION = 5.0;
				TARGETED_DEVICE_FAMILY = "1,2";
				TEST_TARGET_NAME = SwiftUICatalog;
			};
			name = Release;
		};
		91C68802274D8AFE001A5DBE /* Debug */ = {
			isa = XCBuildConfiguration;
			buildSettings = {
				ASSETCATALOG_COMPILER_APPICON_NAME = AppIcon;
				CODE_SIGN_STYLE = Automatic;
				DEVELOPMENT_ASSET_PATHS = "";
				ENABLE_PREVIEWS = YES;
				INFOPLIST_FILE = Info.plist;
				IPHONEOS_DEPLOYMENT_TARGET = 15.0;
				LD_RUNPATH_SEARCH_PATHS = (
					"$(inherited)",
					"@executable_path/Frameworks",
				);
				PRODUCT_BUNDLE_IDENTIFIER = com.mongodb.docs.SwiftUIExamples;
				PRODUCT_NAME = "$(TARGET_NAME)";
				SWIFT_VERSION = 5.0;
				TARGETED_DEVICE_FAMILY = "1,2";
			};
			name = Debug;
		};
		91C68803274D8AFE001A5DBE /* Release */ = {
			isa = XCBuildConfiguration;
			buildSettings = {
				ASSETCATALOG_COMPILER_APPICON_NAME = AppIcon;
				CODE_SIGN_STYLE = Automatic;
				DEVELOPMENT_ASSET_PATHS = "";
				ENABLE_PREVIEWS = YES;
				INFOPLIST_FILE = Info.plist;
				IPHONEOS_DEPLOYMENT_TARGET = 15.0;
				LD_RUNPATH_SEARCH_PATHS = (
					"$(inherited)",
					"@executable_path/Frameworks",
				);
				PRODUCT_BUNDLE_IDENTIFIER = com.mongodb.docs.SwiftUIExamples;
				PRODUCT_NAME = "$(TARGET_NAME)";
				SWIFT_VERSION = 5.0;
				TARGETED_DEVICE_FAMILY = "1,2";
			};
			name = Release;
		};
/* End XCBuildConfiguration section */

/* Begin XCConfigurationList section */
		4803B335251068F900CCAF97 /* Build configuration list for PBXNativeTarget "RealmExamplesHostApp" */ = {
			isa = XCConfigurationList;
			buildConfigurations = (
				4803B336251068F900CCAF97 /* Debug */,
				4803B337251068F900CCAF97 /* Release */,
			);
			defaultConfigurationIsVisible = 0;
			defaultConfigurationName = Release;
		};
		4896EE512510514B00D1FABF /* Build configuration list for PBXNativeTarget "RealmExamples" */ = {
			isa = XCConfigurationList;
			buildConfigurations = (
				4896EE522510514B00D1FABF /* Debug */,
				4896EE532510514B00D1FABF /* Release */,
			);
			defaultConfigurationIsVisible = 0;
			defaultConfigurationName = Release;
		};
		48DBFAD125101C3100391E2B /* Build configuration list for PBXProject "RealmExamples" */ = {
			isa = XCConfigurationList;
			buildConfigurations = (
				48DBFADB25101C3100391E2B /* Debug */,
				48DBFADC25101C3100391E2B /* Release */,
			);
			defaultConfigurationIsVisible = 0;
			defaultConfigurationName = Release;
		};
		912ACA8328415294006CDDD8 /* Build configuration list for PBXNativeTarget "SwiftUIFlexSyncExample" */ = {
			isa = XCConfigurationList;
			buildConfigurations = (
				912ACA8428415294006CDDD8 /* Debug */,
				912ACA8528415294006CDDD8 /* Release */,
			);
			defaultConfigurationIsVisible = 0;
			defaultConfigurationName = Release;
		};
		91713B2028AC3D8400519F9D /* Build configuration list for PBXNativeTarget "SwiftUICatalog" */ = {
			isa = XCConfigurationList;
			buildConfigurations = (
				91713B1A28AC3D8400519F9D /* Debug */,
				91713B1B28AC3D8400519F9D /* Release */,
			);
			defaultConfigurationIsVisible = 0;
			defaultConfigurationName = Release;
		};
		91713B2228AC3D8400519F9D /* Build configuration list for PBXNativeTarget "SwiftUICatalogUITests" */ = {
			isa = XCConfigurationList;
			buildConfigurations = (
				91713B1E28AC3D8400519F9D /* Debug */,
				91713B1F28AC3D8400519F9D /* Release */,
			);
			defaultConfigurationIsVisible = 0;
			defaultConfigurationName = Release;
		};
		91C68801274D8AFE001A5DBE /* Build configuration list for PBXNativeTarget "SwiftUIExamples" */ = {
			isa = XCConfigurationList;
			buildConfigurations = (
				91C68802274D8AFE001A5DBE /* Debug */,
				91C68803274D8AFE001A5DBE /* Release */,
			);
			defaultConfigurationIsVisible = 0;
			defaultConfigurationName = Release;
		};
/* End XCConfigurationList section */

/* Begin XCRemoteSwiftPackageReference section */
		9143E95127EB79BD0082A5D6 /* XCRemoteSwiftPackageReference "GoogleSignIn-iOS" */ = {
			isa = XCRemoteSwiftPackageReference;
			repositoryURL = "https://github.com/google/GoogleSignIn-iOS";
			requirement = {
				kind = exactVersion;
				version = 6.1.0;
			};
		};
		91508B752BE57EFA00817DBC /* XCRemoteSwiftPackageReference "realm-swift" */ = {
			isa = XCRemoteSwiftPackageReference;
			repositoryURL = "https://github.com/realm/realm-swift.git";
			requirement = {
				kind = upToNextMajorVersion;
				minimumVersion = 10.50.1;
			};
		};
		917CA79427ECADC200F9BDDC /* XCRemoteSwiftPackageReference "facebook-ios-sdk" */ = {
			isa = XCRemoteSwiftPackageReference;
			repositoryURL = "https://github.com/facebook/facebook-ios-sdk.git";
			requirement = {
				kind = exactVersion;
				version = 13.1.0;
			};
		};
/* End XCRemoteSwiftPackageReference section */

/* Begin XCSwiftPackageProductDependency section */
		9143E95227EB79BD0082A5D6 /* GoogleSignIn */ = {
			isa = XCSwiftPackageProductDependency;
			package = 9143E95127EB79BD0082A5D6 /* XCRemoteSwiftPackageReference "GoogleSignIn-iOS" */;
			productName = GoogleSignIn;
		};
		91508B782BE57F3F00817DBC /* RealmSwift */ = {
			isa = XCSwiftPackageProductDependency;
			package = 91508B752BE57EFA00817DBC /* XCRemoteSwiftPackageReference "realm-swift" */;
			productName = RealmSwift;
		};
		917CA79527ECADC200F9BDDC /* FacebookCore */ = {
			isa = XCSwiftPackageProductDependency;
			package = 917CA79427ECADC200F9BDDC /* XCRemoteSwiftPackageReference "facebook-ios-sdk" */;
			productName = FacebookCore;
		};
		917CA79727ECADC200F9BDDC /* FacebookLogin */ = {
			isa = XCSwiftPackageProductDependency;
			package = 917CA79427ECADC200F9BDDC /* XCRemoteSwiftPackageReference "facebook-ios-sdk" */;
			productName = FacebookLogin;
		};
		917CA79A27ECB36700F9BDDC /* FacebookCore */ = {
			isa = XCSwiftPackageProductDependency;
			package = 917CA79427ECADC200F9BDDC /* XCRemoteSwiftPackageReference "facebook-ios-sdk" */;
			productName = FacebookCore;
		};
		917CA79C27ECB36700F9BDDC /* FacebookLogin */ = {
			isa = XCSwiftPackageProductDependency;
			package = 917CA79427ECADC200F9BDDC /* XCRemoteSwiftPackageReference "facebook-ios-sdk" */;
			productName = FacebookLogin;
		};
		918F1FD52BF7C32E00F43489 /* RealmSwift */ = {
			isa = XCSwiftPackageProductDependency;
			package = 91508B752BE57EFA00817DBC /* XCRemoteSwiftPackageReference "realm-swift" */;
			productName = RealmSwift;
		};
		918F1FD92BF7C3D100F43489 /* RealmSwift */ = {
			isa = XCSwiftPackageProductDependency;
			package = 91508B752BE57EFA00817DBC /* XCRemoteSwiftPackageReference "realm-swift" */;
			productName = RealmSwift;
		};
/* End XCSwiftPackageProductDependency section */
	};
	rootObject = 48DBFACE25101C3100391E2B /* Project object */;
}
